<?xml version="1.0" encoding="utf-8"?>
<Project ToolsVersion="15.0" xmlns="http://schemas.microsoft.com/developer/msbuild/2003">
  <ItemGroup>
    <Filter Include="Common">
      <UniqueIdentifier>85aeb7d2-9d92-4993-a6d6-7ff098c872b1</UniqueIdentifier>
    </Filter>
    <Filter Include="Assets">
      <UniqueIdentifier>528276db-2a8b-465d-9f28-44ac77c3d429</UniqueIdentifier>
      <Extensions>bmp;fbx;gif;jpg;jpeg;tga;tiff;tif;png</Extensions>
    </Filter>
    <Filter Include="Libraries">
      <UniqueIdentifier>{8be6065a-fb29-4cd7-9b50-d33947af1caf}</UniqueIdentifier>
    </Filter>
  </ItemGroup>
  <ItemGroup>
    <ApplicationDefinition Include="App.xaml" />
  </ItemGroup>
  <ItemGroup>
    <ClCompile Include="App.xaml.cpp" />
    <ClCompile Include="MainPage.xaml.cpp" />
    <ClCompile Include="pch.cpp" />
  </ItemGroup>
  <ItemGroup>
    <ClInclude Include="pch.h" />
    <ClInclude Include="App.xaml.h" />
    <ClInclude Include="MainPage.xaml.h" />
  </ItemGroup>
  <ItemGroup>
    <Image Include="Assets\LockScreenLogo.scale-200.png">
      <Filter>Assets</Filter>
    </Image>
    <Image Include="Assets\SplashScreen.scale-200.png">
      <Filter>Assets</Filter>
    </Image>
    <Image Include="Assets\Square150x150Logo.scale-200.png">
      <Filter>Assets</Filter>
    </Image>
    <Image Include="Assets\Square44x44Logo.scale-200.png">
      <Filter>Assets</Filter>
    </Image>
    <Image Include="Assets\Square44x44Logo.targetsize-24_altform-unplated.png">
      <Filter>Assets</Filter>
    </Image>
    <Image Include="Assets\StoreLogo.png">
      <Filter>Assets</Filter>
    </Image>
    <Image Include="Assets\Wide310x150Logo.scale-200.png">
      <Filter>Assets</Filter>
    </Image>
  </ItemGroup>
  <ItemGroup>
    <AppxManifest Include="Package.appxmanifest" />
  </ItemGroup>
  <ItemGroup>
    <None Include="HelloUIWrapper_TemporaryKey.pfx" />
    <None Include="..\..\deps\WinObjC\samples\HelloUI\Debug\HelloUI\HelloUI.exe">
      <Filter>Libraries</Filter>
    </None>
    <None Include="..\..\deps\WinObjC\samples\HelloUI\Debug\HelloUI\Starboard.dll">
      <Filter>Libraries</Filter>
    </None>
    <None Include="..\..\deps\WinObjC\samples\HelloUI\Debug\HelloUI\UIKit.dll">
      <Filter>Libraries</Filter>
    </None>
    <None Include="..\..\deps\WinObjC\samples\HelloUI\Debug\HelloUI\dyld.dll">
      <Filter>Libraries</Filter>
    </None>
    <None Include="..\..\deps\WinObjC\samples\HelloUI\Debug\HelloUI\libobjc.A.dll">
      <Filter>Libraries</Filter>
    </None>
    <None Include="..\..\deps\WinObjC\samples\HelloUI\Debug\HelloUI\pthread.dll">
      <Filter>Libraries</Filter>
    </None>
    <None Include="..\..\deps\WinObjC\samples\HelloUI\Debug\HelloUI\AutoLayout.dll">
      <Filter>Libraries</Filter>
    </None>
    <None Include="..\..\deps\WinObjC\samples\HelloUI\Debug\HelloUI\CoreFoundation.dll">
      <Filter>Libraries</Filter>
    </None>
    <None Include="..\..\deps\WinObjC\samples\HelloUI\Debug\HelloUI\CoreGraphics.dll">
      <Filter>Libraries</Filter>
    </None>
    <None Include="..\..\deps\WinObjC\samples\HelloUI\Debug\HelloUI\CoreText.dll">
      <Filter>Libraries</Filter>
    </None>
    <None Include="..\..\deps\WinObjC\samples\HelloUI\Debug\HelloUI\Foundation.dll">
      <Filter>Libraries</Filter>
    </None>
    <None Include="..\..\deps\WinObjC\samples\HelloUI\Debug\HelloUI\ImageIO.dll">
      <Filter>Libraries</Filter>
    </None>
    <None Include="..\..\deps\WinObjC\samples\HelloUI\Debug\HelloUI\libxml2.dll">
      <Filter>Libraries</Filter>
    </None>
    <None Include="..\..\deps\WinObjC\samples\HelloUI\Debug\HelloUI\Logging.dll">
      <Filter>Libraries</Filter>
    </None>
    <None Include="..\..\deps\WinObjC\samples\HelloUI\Debug\HelloUI\MobileCoreServices.dll">
      <Filter>Libraries</Filter>
    </None>
    <None Include="..\..\deps\WinObjC\samples\HelloUI\Debug\HelloUI\QuartzCore.dll">
      <Filter>Libraries</Filter>
    </None>
    <None Include="..\..\deps\WinObjC\samples\HelloUI\Debug\HelloUI\UIKit.Xaml.dll">
      <Filter>Libraries</Filter>
    </None>
    <None Include="..\..\deps\WinObjC\samples\HelloUI\Debug\HelloUI\WinObjCRT.dll">
      <Filter>Libraries</Filter>
    </None>
    <None Include="..\..\deps\WinObjC\samples\HelloUI\Debug\HelloUI\libdispatch.dll">
      <Filter>Libraries</Filter>
    </None>
    <None Include="..\..\deps\WinObjC\samples\HelloUI\Debug\HelloUI\WOCStdLib.dll">
      <Filter>Libraries</Filter>
    </None>
    <None Include="..\..\Debug\HelloUILibrary.dll">
      <Filter>Libraries</Filter>
    </None>
    <None Include="..\..\deps\WinObjC\samples\HelloUI\Debug\HelloUI\icuin57.dll">
      <Filter>Libraries</Filter>
    </None>
    <None Include="..\..\deps\WinObjC\samples\HelloUI\Debug\HelloUI\icuuc57.dll">
      <Filter>Libraries</Filter>
    </None>
    <None Include="..\..\deps\WinObjC\samples\HelloUI\Debug\HelloUI\icudt57.dll">
      <Filter>Libraries</Filter>
    </None>
  </ItemGroup>
  <ItemGroup>
    <Page Include="MainPage.xaml" />
  </ItemGroup>
</Project>