Microsoft Visual Studio Solution File, Format Version 12.00
# Visual Studio 15
VisualStudioVersion = 15.0.27703.2042
MinimumVisualStudioVersion = 10.0.40219.1
Project("{2150E333-8FDC-42A3-9474-1A3956D46DE8}") = "Config", "Config", "{2456DB0B-7505-46C9-BDDD-59CD48700BD1}"
	ProjectSection(SolutionItems) = preProject
		.clang-format = .clang-format
		.editorconfig = .editorconfig
		.gitattributes = .gitattributes
		.gitignore = .gitignore
		readme.txt = readme.txt
	EndProjectSection
EndProject
Project("{2150E333-8FDC-42A3-9474-1A3956D46DE8}") = "Source", "Source", "{CFDAA17A-750B-4F9E-89EB-E5BE771CC357}"
EndProject
Project("{2150E333-8FDC-42A3-9474-1A3956D46DE8}") = "Library", "Library", "{664E9D43-FDD2-4D54-87BC-42D93FBAA290}"
EndProject
Project("{8BC9CEB8-8B4A-11D0-8D11-00A0C91BC942}") = "IpaSimulator", "src\IpaSimulator\IpaSimulator.vcxproj", "{C962FD8E-23B1-4A5F-B8C8-269241477D39}"
EndProject
Project("{8BC9CEB8-8B4A-11D0-8D11-00A0C91BC942}") = "UnicornPort", "lib\UnicornPort\UnicornPort.vcxproj", "{4CC4E22A-4160-4F67-9B4B-C8CFE084E631}"
EndProject
Project("{8BC9CEB8-8B4A-11D0-8D11-00A0C91BC942}") = "UnicornPort_arm", "lib\UnicornPort\targets\arm\UnicornPort_arm.vcxproj", "{1DFAEB7E-D087-40F0-991D-3B7A25271E42}"
EndProject
Project("{8BC9CEB8-8B4A-11D0-8D11-00A0C91BC942}") = "UnicornPort_armeb", "lib\UnicornPort\targets\armeb\UnicornPort_armeb.vcxproj", "{4B3BD013-013B-4019-8C78-DCE7F0C32F38}"
EndProject
Project("{8BC9CEB8-8B4A-11D0-8D11-00A0C91BC942}") = "HeadersAnalyzer", "src\HeadersAnalyzer\HeadersAnalyzer.vcxproj", "{4A3D7F36-E3E8-4270-9EA2-18013D0CA819}"
EndProject
Project("{8BC9CEB8-8B4A-11D0-8D11-00A0C91BC942}") = "objc", "src\objc\objc.vcxproj", "{797903B0-F7B5-482C-9430-8D1ED39C01BF}"
EndProject
Project("{8BC9CEB8-8B4A-11D0-8D11-00A0C91BC942}") = "pthread", "src\pthread\pthread.vcxproj", "{FFDB4F09-216B-4777-B9EA-8637AEE3F384}"
EndProject
Project("{8BC9CEB8-8B4A-11D0-8D11-00A0C91BC942}") = "dyld", "src\dyld\dyld.vcxproj", "{6A479B19-65F7-400A-B2CE-B4B09D280A83}"
EndProject
Project("{2150E333-8FDC-42A3-9474-1A3956D46DE8}") = "Samples", "Samples", "{35740E0F-AC6E-4DFA-88D2-0926E8A7B701}"
EndProject
Project("{8BC9CEB8-8B4A-11D0-8D11-00A0C91BC942}") = "HelloUIWrapper", "samples\HelloUIWrapper\HelloUIWrapper.vcxproj", "{85AEB7D2-9D92-4993-A6D6-7FF098C872B1}"
	ProjectSection(ProjectDependencies) = postProject
		{F6F21E9D-75CA-4D8E-BCBA-A2D6401CF06A} = {F6F21E9D-75CA-4D8E-BCBA-A2D6401CF06A}
	EndProjectSection
EndProject
Project("{8BC9CEB8-8B4A-11D0-8D11-00A0C91BC942}") = "HelloUILibrary", "samples\HelloUILibrary\HelloUILibrary.vcxproj", "{F6F21E9D-75CA-4D8E-BCBA-A2D6401CF06A}"
EndProject
Global
	GlobalSection(SolutionConfigurationPlatforms) = preSolution
		Debug|ARM = Debug|ARM
		Debug|Win32 = Debug|Win32
		Debug|x64 = Debug|x64
		Debug|x86 = Debug|x86
		MinSizeRel|ARM = MinSizeRel|ARM
		MinSizeRel|Win32 = MinSizeRel|Win32
		MinSizeRel|x64 = MinSizeRel|x64
		MinSizeRel|x86 = MinSizeRel|x86
		Release|ARM = Release|ARM
		Release|Win32 = Release|Win32
		Release|x64 = Release|x64
		Release|x86 = Release|x86
		RelWithDebInfo|ARM = RelWithDebInfo|ARM
		RelWithDebInfo|Win32 = RelWithDebInfo|Win32
		RelWithDebInfo|x64 = RelWithDebInfo|x64
		RelWithDebInfo|x86 = RelWithDebInfo|x86
	EndGlobalSection
	GlobalSection(ProjectConfigurationPlatforms) = postSolution
		{C962FD8E-23B1-4A5F-B8C8-269241477D39}.Debug|ARM.ActiveCfg = Debug|ARM
		{C962FD8E-23B1-4A5F-B8C8-269241477D39}.Debug|ARM.Build.0 = Debug|ARM
		{C962FD8E-23B1-4A5F-B8C8-269241477D39}.Debug|ARM.Deploy.0 = Debug|ARM
		{C962FD8E-23B1-4A5F-B8C8-269241477D39}.Debug|Win32.ActiveCfg = Debug|Win32
		{C962FD8E-23B1-4A5F-B8C8-269241477D39}.Debug|Win32.Build.0 = Debug|Win32
		{C962FD8E-23B1-4A5F-B8C8-269241477D39}.Debug|Win32.Deploy.0 = Debug|Win32
		{C962FD8E-23B1-4A5F-B8C8-269241477D39}.Debug|x64.ActiveCfg = Debug|x64
		{C962FD8E-23B1-4A5F-B8C8-269241477D39}.Debug|x64.Build.0 = Debug|x64
		{C962FD8E-23B1-4A5F-B8C8-269241477D39}.Debug|x64.Deploy.0 = Debug|x64
		{C962FD8E-23B1-4A5F-B8C8-269241477D39}.Debug|x86.ActiveCfg = Debug|Win32
		{C962FD8E-23B1-4A5F-B8C8-269241477D39}.Debug|x86.Build.0 = Debug|Win32
		{C962FD8E-23B1-4A5F-B8C8-269241477D39}.Debug|x86.Deploy.0 = Debug|Win32
		{C962FD8E-23B1-4A5F-B8C8-269241477D39}.MinSizeRel|ARM.ActiveCfg = Release|ARM
		{C962FD8E-23B1-4A5F-B8C8-269241477D39}.MinSizeRel|ARM.Build.0 = Release|ARM
		{C962FD8E-23B1-4A5F-B8C8-269241477D39}.MinSizeRel|ARM.Deploy.0 = Release|ARM
		{C962FD8E-23B1-4A5F-B8C8-269241477D39}.MinSizeRel|Win32.ActiveCfg = Release|Win32
		{C962FD8E-23B1-4A5F-B8C8-269241477D39}.MinSizeRel|Win32.Build.0 = Release|Win32
		{C962FD8E-23B1-4A5F-B8C8-269241477D39}.MinSizeRel|Win32.Deploy.0 = Release|Win32
		{C962FD8E-23B1-4A5F-B8C8-269241477D39}.MinSizeRel|x64.ActiveCfg = Release|x64
		{C962FD8E-23B1-4A5F-B8C8-269241477D39}.MinSizeRel|x64.Build.0 = Release|x64
		{C962FD8E-23B1-4A5F-B8C8-269241477D39}.MinSizeRel|x64.Deploy.0 = Release|x64
		{C962FD8E-23B1-4A5F-B8C8-269241477D39}.MinSizeRel|x86.ActiveCfg = Release|Win32
		{C962FD8E-23B1-4A5F-B8C8-269241477D39}.MinSizeRel|x86.Build.0 = Release|Win32
		{C962FD8E-23B1-4A5F-B8C8-269241477D39}.MinSizeRel|x86.Deploy.0 = Release|Win32
		{C962FD8E-23B1-4A5F-B8C8-269241477D39}.Release|ARM.ActiveCfg = Release|ARM
		{C962FD8E-23B1-4A5F-B8C8-269241477D39}.Release|ARM.Build.0 = Release|ARM
		{C962FD8E-23B1-4A5F-B8C8-269241477D39}.Release|ARM.Deploy.0 = Release|ARM
		{C962FD8E-23B1-4A5F-B8C8-269241477D39}.Release|Win32.ActiveCfg = Release|Win32
		{C962FD8E-23B1-4A5F-B8C8-269241477D39}.Release|Win32.Build.0 = Release|Win32
		{C962FD8E-23B1-4A5F-B8C8-269241477D39}.Release|Win32.Deploy.0 = Release|Win32
		{C962FD8E-23B1-4A5F-B8C8-269241477D39}.Release|x64.ActiveCfg = Release|x64
		{C962FD8E-23B1-4A5F-B8C8-269241477D39}.Release|x64.Build.0 = Release|x64
		{C962FD8E-23B1-4A5F-B8C8-269241477D39}.Release|x64.Deploy.0 = Release|x64
		{C962FD8E-23B1-4A5F-B8C8-269241477D39}.Release|x86.ActiveCfg = Release|Win32
		{C962FD8E-23B1-4A5F-B8C8-269241477D39}.Release|x86.Build.0 = Release|Win32
		{C962FD8E-23B1-4A5F-B8C8-269241477D39}.Release|x86.Deploy.0 = Release|Win32
		{C962FD8E-23B1-4A5F-B8C8-269241477D39}.RelWithDebInfo|ARM.ActiveCfg = Release|ARM
		{C962FD8E-23B1-4A5F-B8C8-269241477D39}.RelWithDebInfo|ARM.Build.0 = Release|ARM
		{C962FD8E-23B1-4A5F-B8C8-269241477D39}.RelWithDebInfo|ARM.Deploy.0 = Release|ARM
		{C962FD8E-23B1-4A5F-B8C8-269241477D39}.RelWithDebInfo|Win32.ActiveCfg = Release|Win32
		{C962FD8E-23B1-4A5F-B8C8-269241477D39}.RelWithDebInfo|Win32.Build.0 = Release|Win32
		{C962FD8E-23B1-4A5F-B8C8-269241477D39}.RelWithDebInfo|Win32.Deploy.0 = Release|Win32
		{C962FD8E-23B1-4A5F-B8C8-269241477D39}.RelWithDebInfo|x64.ActiveCfg = Release|x64
		{C962FD8E-23B1-4A5F-B8C8-269241477D39}.RelWithDebInfo|x64.Build.0 = Release|x64
		{C962FD8E-23B1-4A5F-B8C8-269241477D39}.RelWithDebInfo|x64.Deploy.0 = Release|x64
		{C962FD8E-23B1-4A5F-B8C8-269241477D39}.RelWithDebInfo|x86.ActiveCfg = Release|Win32
		{C962FD8E-23B1-4A5F-B8C8-269241477D39}.RelWithDebInfo|x86.Build.0 = Release|Win32
		{C962FD8E-23B1-4A5F-B8C8-269241477D39}.RelWithDebInfo|x86.Deploy.0 = Release|Win32
		{4CC4E22A-4160-4F67-9B4B-C8CFE084E631}.Debug|ARM.ActiveCfg = Debug|ARM
		{4CC4E22A-4160-4F67-9B4B-C8CFE084E631}.Debug|ARM.Build.0 = Debug|ARM
		{4CC4E22A-4160-4F67-9B4B-C8CFE084E631}.Debug|Win32.ActiveCfg = Debug|Win32
		{4CC4E22A-4160-4F67-9B4B-C8CFE084E631}.Debug|Win32.Build.0 = Debug|Win32
		{4CC4E22A-4160-4F67-9B4B-C8CFE084E631}.Debug|x64.ActiveCfg = Debug|x64
		{4CC4E22A-4160-4F67-9B4B-C8CFE084E631}.Debug|x64.Build.0 = Debug|x64
		{4CC4E22A-4160-4F67-9B4B-C8CFE084E631}.Debug|x86.ActiveCfg = Debug|Win32
		{4CC4E22A-4160-4F67-9B4B-C8CFE084E631}.Debug|x86.Build.0 = Debug|Win32
		{4CC4E22A-4160-4F67-9B4B-C8CFE084E631}.MinSizeRel|ARM.ActiveCfg = Release|ARM
		{4CC4E22A-4160-4F67-9B4B-C8CFE084E631}.MinSizeRel|ARM.Build.0 = Release|ARM
		{4CC4E22A-4160-4F67-9B4B-C8CFE084E631}.MinSizeRel|Win32.ActiveCfg = Release|Win32
		{4CC4E22A-4160-4F67-9B4B-C8CFE084E631}.MinSizeRel|Win32.Build.0 = Release|Win32
		{4CC4E22A-4160-4F67-9B4B-C8CFE084E631}.MinSizeRel|x64.ActiveCfg = Release|x64
		{4CC4E22A-4160-4F67-9B4B-C8CFE084E631}.MinSizeRel|x64.Build.0 = Release|x64
		{4CC4E22A-4160-4F67-9B4B-C8CFE084E631}.MinSizeRel|x86.ActiveCfg = Release|Win32
		{4CC4E22A-4160-4F67-9B4B-C8CFE084E631}.MinSizeRel|x86.Build.0 = Release|Win32
		{4CC4E22A-4160-4F67-9B4B-C8CFE084E631}.Release|ARM.ActiveCfg = Release|ARM
		{4CC4E22A-4160-4F67-9B4B-C8CFE084E631}.Release|ARM.Build.0 = Release|ARM
		{4CC4E22A-4160-4F67-9B4B-C8CFE084E631}.Release|Win32.ActiveCfg = Release|Win32
		{4CC4E22A-4160-4F67-9B4B-C8CFE084E631}.Release|Win32.Build.0 = Release|Win32
		{4CC4E22A-4160-4F67-9B4B-C8CFE084E631}.Release|x64.ActiveCfg = Release|x64
		{4CC4E22A-4160-4F67-9B4B-C8CFE084E631}.Release|x64.Build.0 = Release|x64
		{4CC4E22A-4160-4F67-9B4B-C8CFE084E631}.Release|x86.ActiveCfg = Release|Win32
		{4CC4E22A-4160-4F67-9B4B-C8CFE084E631}.Release|x86.Build.0 = Release|Win32
		{4CC4E22A-4160-4F67-9B4B-C8CFE084E631}.RelWithDebInfo|ARM.ActiveCfg = Release|ARM
		{4CC4E22A-4160-4F67-9B4B-C8CFE084E631}.RelWithDebInfo|ARM.Build.0 = Release|ARM
		{4CC4E22A-4160-4F67-9B4B-C8CFE084E631}.RelWithDebInfo|Win32.ActiveCfg = Release|Win32
		{4CC4E22A-4160-4F67-9B4B-C8CFE084E631}.RelWithDebInfo|Win32.Build.0 = Release|Win32
		{4CC4E22A-4160-4F67-9B4B-C8CFE084E631}.RelWithDebInfo|x64.ActiveCfg = Release|x64
		{4CC4E22A-4160-4F67-9B4B-C8CFE084E631}.RelWithDebInfo|x64.Build.0 = Release|x64
		{4CC4E22A-4160-4F67-9B4B-C8CFE084E631}.RelWithDebInfo|x86.ActiveCfg = Release|Win32
		{4CC4E22A-4160-4F67-9B4B-C8CFE084E631}.RelWithDebInfo|x86.Build.0 = Release|Win32
		{1DFAEB7E-D087-40F0-991D-3B7A25271E42}.Debug|ARM.ActiveCfg = Debug|ARM
		{1DFAEB7E-D087-40F0-991D-3B7A25271E42}.Debug|ARM.Build.0 = Debug|ARM
		{1DFAEB7E-D087-40F0-991D-3B7A25271E42}.Debug|Win32.ActiveCfg = Debug|Win32
		{1DFAEB7E-D087-40F0-991D-3B7A25271E42}.Debug|Win32.Build.0 = Debug|Win32
		{1DFAEB7E-D087-40F0-991D-3B7A25271E42}.Debug|x64.ActiveCfg = Debug|x64
		{1DFAEB7E-D087-40F0-991D-3B7A25271E42}.Debug|x64.Build.0 = Debug|x64
		{1DFAEB7E-D087-40F0-991D-3B7A25271E42}.Debug|x86.ActiveCfg = Debug|Win32
		{1DFAEB7E-D087-40F0-991D-3B7A25271E42}.Debug|x86.Build.0 = Debug|Win32
		{1DFAEB7E-D087-40F0-991D-3B7A25271E42}.MinSizeRel|ARM.ActiveCfg = Release|ARM
		{1DFAEB7E-D087-40F0-991D-3B7A25271E42}.MinSizeRel|ARM.Build.0 = Release|ARM
		{1DFAEB7E-D087-40F0-991D-3B7A25271E42}.MinSizeRel|Win32.ActiveCfg = Release|Win32
		{1DFAEB7E-D087-40F0-991D-3B7A25271E42}.MinSizeRel|Win32.Build.0 = Release|Win32
		{1DFAEB7E-D087-40F0-991D-3B7A25271E42}.MinSizeRel|x64.ActiveCfg = Release|x64
		{1DFAEB7E-D087-40F0-991D-3B7A25271E42}.MinSizeRel|x64.Build.0 = Release|x64
		{1DFAEB7E-D087-40F0-991D-3B7A25271E42}.MinSizeRel|x86.ActiveCfg = Release|Win32
		{1DFAEB7E-D087-40F0-991D-3B7A25271E42}.MinSizeRel|x86.Build.0 = Release|Win32
		{1DFAEB7E-D087-40F0-991D-3B7A25271E42}.Release|ARM.ActiveCfg = Release|ARM
		{1DFAEB7E-D087-40F0-991D-3B7A25271E42}.Release|ARM.Build.0 = Release|ARM
		{1DFAEB7E-D087-40F0-991D-3B7A25271E42}.Release|Win32.ActiveCfg = Release|Win32
		{1DFAEB7E-D087-40F0-991D-3B7A25271E42}.Release|Win32.Build.0 = Release|Win32
		{1DFAEB7E-D087-40F0-991D-3B7A25271E42}.Release|x64.ActiveCfg = Release|x64
		{1DFAEB7E-D087-40F0-991D-3B7A25271E42}.Release|x64.Build.0 = Release|x64
		{1DFAEB7E-D087-40F0-991D-3B7A25271E42}.Release|x86.ActiveCfg = Release|Win32
		{1DFAEB7E-D087-40F0-991D-3B7A25271E42}.Release|x86.Build.0 = Release|Win32
		{1DFAEB7E-D087-40F0-991D-3B7A25271E42}.RelWithDebInfo|ARM.ActiveCfg = Release|ARM
		{1DFAEB7E-D087-40F0-991D-3B7A25271E42}.RelWithDebInfo|ARM.Build.0 = Release|ARM
		{1DFAEB7E-D087-40F0-991D-3B7A25271E42}.RelWithDebInfo|Win32.ActiveCfg = Release|Win32
		{1DFAEB7E-D087-40F0-991D-3B7A25271E42}.RelWithDebInfo|Win32.Build.0 = Release|Win32
		{1DFAEB7E-D087-40F0-991D-3B7A25271E42}.RelWithDebInfo|x64.ActiveCfg = Release|x64
		{1DFAEB7E-D087-40F0-991D-3B7A25271E42}.RelWithDebInfo|x64.Build.0 = Release|x64
		{1DFAEB7E-D087-40F0-991D-3B7A25271E42}.RelWithDebInfo|x86.ActiveCfg = Release|Win32
		{1DFAEB7E-D087-40F0-991D-3B7A25271E42}.RelWithDebInfo|x86.Build.0 = Release|Win32
		{4B3BD013-013B-4019-8C78-DCE7F0C32F38}.Debug|ARM.ActiveCfg = Debug|ARM
		{4B3BD013-013B-4019-8C78-DCE7F0C32F38}.Debug|ARM.Build.0 = Debug|ARM
		{4B3BD013-013B-4019-8C78-DCE7F0C32F38}.Debug|Win32.ActiveCfg = Debug|Win32
		{4B3BD013-013B-4019-8C78-DCE7F0C32F38}.Debug|Win32.Build.0 = Debug|Win32
		{4B3BD013-013B-4019-8C78-DCE7F0C32F38}.Debug|x64.ActiveCfg = Debug|x64
		{4B3BD013-013B-4019-8C78-DCE7F0C32F38}.Debug|x64.Build.0 = Debug|x64
		{4B3BD013-013B-4019-8C78-DCE7F0C32F38}.Debug|x86.ActiveCfg = Debug|Win32
		{4B3BD013-013B-4019-8C78-DCE7F0C32F38}.Debug|x86.Build.0 = Debug|Win32
		{4B3BD013-013B-4019-8C78-DCE7F0C32F38}.MinSizeRel|ARM.ActiveCfg = Release|ARM
		{4B3BD013-013B-4019-8C78-DCE7F0C32F38}.MinSizeRel|ARM.Build.0 = Release|ARM
		{4B3BD013-013B-4019-8C78-DCE7F0C32F38}.MinSizeRel|Win32.ActiveCfg = Release|Win32
		{4B3BD013-013B-4019-8C78-DCE7F0C32F38}.MinSizeRel|Win32.Build.0 = Release|Win32
		{4B3BD013-013B-4019-8C78-DCE7F0C32F38}.MinSizeRel|x64.ActiveCfg = Release|x64
		{4B3BD013-013B-4019-8C78-DCE7F0C32F38}.MinSizeRel|x64.Build.0 = Release|x64
		{4B3BD013-013B-4019-8C78-DCE7F0C32F38}.MinSizeRel|x86.ActiveCfg = Release|Win32
		{4B3BD013-013B-4019-8C78-DCE7F0C32F38}.MinSizeRel|x86.Build.0 = Release|Win32
		{4B3BD013-013B-4019-8C78-DCE7F0C32F38}.Release|ARM.ActiveCfg = Release|ARM
		{4B3BD013-013B-4019-8C78-DCE7F0C32F38}.Release|ARM.Build.0 = Release|ARM
		{4B3BD013-013B-4019-8C78-DCE7F0C32F38}.Release|Win32.ActiveCfg = Release|Win32
		{4B3BD013-013B-4019-8C78-DCE7F0C32F38}.Release|Win32.Build.0 = Release|Win32
		{4B3BD013-013B-4019-8C78-DCE7F0C32F38}.Release|x64.ActiveCfg = Release|x64
		{4B3BD013-013B-4019-8C78-DCE7F0C32F38}.Release|x64.Build.0 = Release|x64
		{4B3BD013-013B-4019-8C78-DCE7F0C32F38}.Release|x86.ActiveCfg = Release|Win32
		{4B3BD013-013B-4019-8C78-DCE7F0C32F38}.Release|x86.Build.0 = Release|Win32
		{4B3BD013-013B-4019-8C78-DCE7F0C32F38}.RelWithDebInfo|ARM.ActiveCfg = Release|ARM
		{4B3BD013-013B-4019-8C78-DCE7F0C32F38}.RelWithDebInfo|ARM.Build.0 = Release|ARM
		{4B3BD013-013B-4019-8C78-DCE7F0C32F38}.RelWithDebInfo|Win32.ActiveCfg = Release|Win32
		{4B3BD013-013B-4019-8C78-DCE7F0C32F38}.RelWithDebInfo|Win32.Build.0 = Release|Win32
		{4B3BD013-013B-4019-8C78-DCE7F0C32F38}.RelWithDebInfo|x64.ActiveCfg = Release|x64
		{4B3BD013-013B-4019-8C78-DCE7F0C32F38}.RelWithDebInfo|x64.Build.0 = Release|x64
		{4B3BD013-013B-4019-8C78-DCE7F0C32F38}.RelWithDebInfo|x86.ActiveCfg = Release|Win32
		{4B3BD013-013B-4019-8C78-DCE7F0C32F38}.RelWithDebInfo|x86.Build.0 = Release|Win32
		{4A3D7F36-E3E8-4270-9EA2-18013D0CA819}.Debug|ARM.ActiveCfg = Debug|Win32
		{4A3D7F36-E3E8-4270-9EA2-18013D0CA819}.Debug|Win32.ActiveCfg = Debug|Win32
		{4A3D7F36-E3E8-4270-9EA2-18013D0CA819}.Debug|Win32.Build.0 = Debug|Win32
		{4A3D7F36-E3E8-4270-9EA2-18013D0CA819}.Debug|x64.ActiveCfg = Debug|x64
		{4A3D7F36-E3E8-4270-9EA2-18013D0CA819}.Debug|x64.Build.0 = Debug|x64
		{4A3D7F36-E3E8-4270-9EA2-18013D0CA819}.Debug|x86.ActiveCfg = Debug|Win32
		{4A3D7F36-E3E8-4270-9EA2-18013D0CA819}.Debug|x86.Build.0 = Debug|Win32
		{4A3D7F36-E3E8-4270-9EA2-18013D0CA819}.MinSizeRel|ARM.ActiveCfg = Release|Win32
		{4A3D7F36-E3E8-4270-9EA2-18013D0CA819}.MinSizeRel|Win32.ActiveCfg = Release|Win32
		{4A3D7F36-E3E8-4270-9EA2-18013D0CA819}.MinSizeRel|Win32.Build.0 = Release|Win32
		{4A3D7F36-E3E8-4270-9EA2-18013D0CA819}.MinSizeRel|x64.ActiveCfg = Release|x64
		{4A3D7F36-E3E8-4270-9EA2-18013D0CA819}.MinSizeRel|x64.Build.0 = Release|x64
		{4A3D7F36-E3E8-4270-9EA2-18013D0CA819}.MinSizeRel|x86.ActiveCfg = Release|Win32
		{4A3D7F36-E3E8-4270-9EA2-18013D0CA819}.MinSizeRel|x86.Build.0 = Release|Win32
		{4A3D7F36-E3E8-4270-9EA2-18013D0CA819}.Release|ARM.ActiveCfg = Release|Win32
		{4A3D7F36-E3E8-4270-9EA2-18013D0CA819}.Release|Win32.ActiveCfg = Release|Win32
		{4A3D7F36-E3E8-4270-9EA2-18013D0CA819}.Release|Win32.Build.0 = Release|Win32
		{4A3D7F36-E3E8-4270-9EA2-18013D0CA819}.Release|x64.ActiveCfg = Release|x64
		{4A3D7F36-E3E8-4270-9EA2-18013D0CA819}.Release|x64.Build.0 = Release|x64
		{4A3D7F36-E3E8-4270-9EA2-18013D0CA819}.Release|x86.ActiveCfg = Release|Win32
		{4A3D7F36-E3E8-4270-9EA2-18013D0CA819}.Release|x86.Build.0 = Release|Win32
		{4A3D7F36-E3E8-4270-9EA2-18013D0CA819}.RelWithDebInfo|ARM.ActiveCfg = Release|Win32
		{4A3D7F36-E3E8-4270-9EA2-18013D0CA819}.RelWithDebInfo|Win32.ActiveCfg = Release|Win32
		{4A3D7F36-E3E8-4270-9EA2-18013D0CA819}.RelWithDebInfo|Win32.Build.0 = Release|Win32
		{4A3D7F36-E3E8-4270-9EA2-18013D0CA819}.RelWithDebInfo|x64.ActiveCfg = Release|x64
		{4A3D7F36-E3E8-4270-9EA2-18013D0CA819}.RelWithDebInfo|x64.Build.0 = Release|x64
		{4A3D7F36-E3E8-4270-9EA2-18013D0CA819}.RelWithDebInfo|x86.ActiveCfg = Release|Win32
		{4A3D7F36-E3E8-4270-9EA2-18013D0CA819}.RelWithDebInfo|x86.Build.0 = Release|Win32
		{797903B0-F7B5-482C-9430-8D1ED39C01BF}.Debug|ARM.ActiveCfg = Debug|ARM
		{797903B0-F7B5-482C-9430-8D1ED39C01BF}.Debug|ARM.Build.0 = Debug|ARM
		{797903B0-F7B5-482C-9430-8D1ED39C01BF}.Debug|Win32.ActiveCfg = Debug|Win32
		{797903B0-F7B5-482C-9430-8D1ED39C01BF}.Debug|Win32.Build.0 = Debug|Win32
		{797903B0-F7B5-482C-9430-8D1ED39C01BF}.Debug|x64.ActiveCfg = Debug|x64
		{797903B0-F7B5-482C-9430-8D1ED39C01BF}.Debug|x64.Build.0 = Debug|x64
		{797903B0-F7B5-482C-9430-8D1ED39C01BF}.Debug|x86.ActiveCfg = Debug|Win32
		{797903B0-F7B5-482C-9430-8D1ED39C01BF}.Debug|x86.Build.0 = Debug|Win32
		{797903B0-F7B5-482C-9430-8D1ED39C01BF}.MinSizeRel|ARM.ActiveCfg = Release|ARM
		{797903B0-F7B5-482C-9430-8D1ED39C01BF}.MinSizeRel|ARM.Build.0 = Release|ARM
		{797903B0-F7B5-482C-9430-8D1ED39C01BF}.MinSizeRel|Win32.ActiveCfg = Release|Win32
		{797903B0-F7B5-482C-9430-8D1ED39C01BF}.MinSizeRel|Win32.Build.0 = Release|Win32
		{797903B0-F7B5-482C-9430-8D1ED39C01BF}.MinSizeRel|x64.ActiveCfg = Release|x64
		{797903B0-F7B5-482C-9430-8D1ED39C01BF}.MinSizeRel|x64.Build.0 = Release|x64
		{797903B0-F7B5-482C-9430-8D1ED39C01BF}.MinSizeRel|x86.ActiveCfg = Release|Win32
		{797903B0-F7B5-482C-9430-8D1ED39C01BF}.MinSizeRel|x86.Build.0 = Release|Win32
		{797903B0-F7B5-482C-9430-8D1ED39C01BF}.Release|ARM.ActiveCfg = Release|ARM
		{797903B0-F7B5-482C-9430-8D1ED39C01BF}.Release|ARM.Build.0 = Release|ARM
		{797903B0-F7B5-482C-9430-8D1ED39C01BF}.Release|Win32.ActiveCfg = Release|Win32
		{797903B0-F7B5-482C-9430-8D1ED39C01BF}.Release|Win32.Build.0 = Release|Win32
		{797903B0-F7B5-482C-9430-8D1ED39C01BF}.Release|x64.ActiveCfg = Release|x64
		{797903B0-F7B5-482C-9430-8D1ED39C01BF}.Release|x64.Build.0 = Release|x64
		{797903B0-F7B5-482C-9430-8D1ED39C01BF}.Release|x86.ActiveCfg = Release|Win32
		{797903B0-F7B5-482C-9430-8D1ED39C01BF}.Release|x86.Build.0 = Release|Win32
		{797903B0-F7B5-482C-9430-8D1ED39C01BF}.RelWithDebInfo|ARM.ActiveCfg = Release|ARM
		{797903B0-F7B5-482C-9430-8D1ED39C01BF}.RelWithDebInfo|ARM.Build.0 = Release|ARM
		{797903B0-F7B5-482C-9430-8D1ED39C01BF}.RelWithDebInfo|Win32.ActiveCfg = Release|Win32
		{797903B0-F7B5-482C-9430-8D1ED39C01BF}.RelWithDebInfo|Win32.Build.0 = Release|Win32
		{797903B0-F7B5-482C-9430-8D1ED39C01BF}.RelWithDebInfo|x64.ActiveCfg = Release|x64
		{797903B0-F7B5-482C-9430-8D1ED39C01BF}.RelWithDebInfo|x64.Build.0 = Release|x64
		{797903B0-F7B5-482C-9430-8D1ED39C01BF}.RelWithDebInfo|x86.ActiveCfg = Release|Win32
		{797903B0-F7B5-482C-9430-8D1ED39C01BF}.RelWithDebInfo|x86.Build.0 = Release|Win32
		{FFDB4F09-216B-4777-B9EA-8637AEE3F384}.Debug|ARM.ActiveCfg = Debug|ARM
		{FFDB4F09-216B-4777-B9EA-8637AEE3F384}.Debug|ARM.Build.0 = Debug|ARM
		{FFDB4F09-216B-4777-B9EA-8637AEE3F384}.Debug|Win32.ActiveCfg = Debug|Win32
		{FFDB4F09-216B-4777-B9EA-8637AEE3F384}.Debug|Win32.Build.0 = Debug|Win32
		{FFDB4F09-216B-4777-B9EA-8637AEE3F384}.Debug|x64.ActiveCfg = Debug|x64
		{FFDB4F09-216B-4777-B9EA-8637AEE3F384}.Debug|x64.Build.0 = Debug|x64
		{FFDB4F09-216B-4777-B9EA-8637AEE3F384}.Debug|x86.ActiveCfg = Debug|Win32
		{FFDB4F09-216B-4777-B9EA-8637AEE3F384}.Debug|x86.Build.0 = Debug|Win32
		{FFDB4F09-216B-4777-B9EA-8637AEE3F384}.MinSizeRel|ARM.ActiveCfg = Release|ARM
		{FFDB4F09-216B-4777-B9EA-8637AEE3F384}.MinSizeRel|ARM.Build.0 = Release|ARM
		{FFDB4F09-216B-4777-B9EA-8637AEE3F384}.MinSizeRel|Win32.ActiveCfg = Release|Win32
		{FFDB4F09-216B-4777-B9EA-8637AEE3F384}.MinSizeRel|Win32.Build.0 = Release|Win32
		{FFDB4F09-216B-4777-B9EA-8637AEE3F384}.MinSizeRel|x64.ActiveCfg = Release|x64
		{FFDB4F09-216B-4777-B9EA-8637AEE3F384}.MinSizeRel|x64.Build.0 = Release|x64
		{FFDB4F09-216B-4777-B9EA-8637AEE3F384}.MinSizeRel|x86.ActiveCfg = Release|Win32
		{FFDB4F09-216B-4777-B9EA-8637AEE3F384}.MinSizeRel|x86.Build.0 = Release|Win32
		{FFDB4F09-216B-4777-B9EA-8637AEE3F384}.Release|ARM.ActiveCfg = Release|ARM
		{FFDB4F09-216B-4777-B9EA-8637AEE3F384}.Release|ARM.Build.0 = Release|ARM
		{FFDB4F09-216B-4777-B9EA-8637AEE3F384}.Release|Win32.ActiveCfg = Release|Win32
		{FFDB4F09-216B-4777-B9EA-8637AEE3F384}.Release|Win32.Build.0 = Release|Win32
		{FFDB4F09-216B-4777-B9EA-8637AEE3F384}.Release|x64.ActiveCfg = Release|x64
		{FFDB4F09-216B-4777-B9EA-8637AEE3F384}.Release|x64.Build.0 = Release|x64
		{FFDB4F09-216B-4777-B9EA-8637AEE3F384}.Release|x86.ActiveCfg = Release|Win32
		{FFDB4F09-216B-4777-B9EA-8637AEE3F384}.Release|x86.Build.0 = Release|Win32
		{FFDB4F09-216B-4777-B9EA-8637AEE3F384}.RelWithDebInfo|ARM.ActiveCfg = Release|ARM
		{FFDB4F09-216B-4777-B9EA-8637AEE3F384}.RelWithDebInfo|ARM.Build.0 = Release|ARM
		{FFDB4F09-216B-4777-B9EA-8637AEE3F384}.RelWithDebInfo|Win32.ActiveCfg = Release|Win32
		{FFDB4F09-216B-4777-B9EA-8637AEE3F384}.RelWithDebInfo|Win32.Build.0 = Release|Win32
		{FFDB4F09-216B-4777-B9EA-8637AEE3F384}.RelWithDebInfo|x64.ActiveCfg = Release|x64
		{FFDB4F09-216B-4777-B9EA-8637AEE3F384}.RelWithDebInfo|x64.Build.0 = Release|x64
		{FFDB4F09-216B-4777-B9EA-8637AEE3F384}.RelWithDebInfo|x86.ActiveCfg = Release|Win32
		{FFDB4F09-216B-4777-B9EA-8637AEE3F384}.RelWithDebInfo|x86.Build.0 = Release|Win32
		{6A479B19-65F7-400A-B2CE-B4B09D280A83}.Debug|ARM.ActiveCfg = Debug|Win32
		{6A479B19-65F7-400A-B2CE-B4B09D280A83}.Debug|Win32.ActiveCfg = Debug|Win32
		{6A479B19-65F7-400A-B2CE-B4B09D280A83}.Debug|Win32.Build.0 = Debug|Win32
		{6A479B19-65F7-400A-B2CE-B4B09D280A83}.Debug|x64.ActiveCfg = Debug|x64
		{6A479B19-65F7-400A-B2CE-B4B09D280A83}.Debug|x64.Build.0 = Debug|x64
		{6A479B19-65F7-400A-B2CE-B4B09D280A83}.Debug|x86.ActiveCfg = Debug|Win32
		{6A479B19-65F7-400A-B2CE-B4B09D280A83}.Debug|x86.Build.0 = Debug|Win32
		{6A479B19-65F7-400A-B2CE-B4B09D280A83}.MinSizeRel|ARM.ActiveCfg = Release|x64
		{6A479B19-65F7-400A-B2CE-B4B09D280A83}.MinSizeRel|ARM.Build.0 = Release|x64
		{6A479B19-65F7-400A-B2CE-B4B09D280A83}.MinSizeRel|Win32.ActiveCfg = Release|Win32
		{6A479B19-65F7-400A-B2CE-B4B09D280A83}.MinSizeRel|Win32.Build.0 = Release|Win32
		{6A479B19-65F7-400A-B2CE-B4B09D280A83}.MinSizeRel|x64.ActiveCfg = Release|x64
		{6A479B19-65F7-400A-B2CE-B4B09D280A83}.MinSizeRel|x64.Build.0 = Release|x64
		{6A479B19-65F7-400A-B2CE-B4B09D280A83}.MinSizeRel|x86.ActiveCfg = Release|Win32
		{6A479B19-65F7-400A-B2CE-B4B09D280A83}.MinSizeRel|x86.Build.0 = Release|Win32
		{6A479B19-65F7-400A-B2CE-B4B09D280A83}.Release|ARM.ActiveCfg = Release|Win32
		{6A479B19-65F7-400A-B2CE-B4B09D280A83}.Release|Win32.ActiveCfg = Release|Win32
		{6A479B19-65F7-400A-B2CE-B4B09D280A83}.Release|Win32.Build.0 = Release|Win32
		{6A479B19-65F7-400A-B2CE-B4B09D280A83}.Release|x64.ActiveCfg = Release|x64
		{6A479B19-65F7-400A-B2CE-B4B09D280A83}.Release|x64.Build.0 = Release|x64
		{6A479B19-65F7-400A-B2CE-B4B09D280A83}.Release|x86.ActiveCfg = Release|Win32
		{6A479B19-65F7-400A-B2CE-B4B09D280A83}.Release|x86.Build.0 = Release|Win32
		{6A479B19-65F7-400A-B2CE-B4B09D280A83}.RelWithDebInfo|ARM.ActiveCfg = Release|x64
		{6A479B19-65F7-400A-B2CE-B4B09D280A83}.RelWithDebInfo|ARM.Build.0 = Release|x64
		{6A479B19-65F7-400A-B2CE-B4B09D280A83}.RelWithDebInfo|Win32.ActiveCfg = Release|Win32
		{6A479B19-65F7-400A-B2CE-B4B09D280A83}.RelWithDebInfo|Win32.Build.0 = Release|Win32
		{6A479B19-65F7-400A-B2CE-B4B09D280A83}.RelWithDebInfo|x64.ActiveCfg = Release|x64
		{6A479B19-65F7-400A-B2CE-B4B09D280A83}.RelWithDebInfo|x64.Build.0 = Release|x64
		{6A479B19-65F7-400A-B2CE-B4B09D280A83}.RelWithDebInfo|x86.ActiveCfg = Release|Win32
		{6A479B19-65F7-400A-B2CE-B4B09D280A83}.RelWithDebInfo|x86.Build.0 = Release|Win32
		{85AEB7D2-9D92-4993-A6D6-7FF098C872B1}.Debug|ARM.ActiveCfg = Debug|ARM
		{85AEB7D2-9D92-4993-A6D6-7FF098C872B1}.Debug|ARM.Build.0 = Debug|ARM
		{85AEB7D2-9D92-4993-A6D6-7FF098C872B1}.Debug|ARM.Deploy.0 = Debug|ARM
		{85AEB7D2-9D92-4993-A6D6-7FF098C872B1}.Debug|Win32.ActiveCfg = Debug|Win32
		{85AEB7D2-9D92-4993-A6D6-7FF098C872B1}.Debug|Win32.Build.0 = Debug|Win32
		{85AEB7D2-9D92-4993-A6D6-7FF098C872B1}.Debug|Win32.Deploy.0 = Debug|Win32
		{85AEB7D2-9D92-4993-A6D6-7FF098C872B1}.Debug|x64.ActiveCfg = Debug|x64
		{85AEB7D2-9D92-4993-A6D6-7FF098C872B1}.Debug|x64.Build.0 = Debug|x64
		{85AEB7D2-9D92-4993-A6D6-7FF098C872B1}.Debug|x64.Deploy.0 = Debug|x64
		{85AEB7D2-9D92-4993-A6D6-7FF098C872B1}.Debug|x86.ActiveCfg = Debug|Win32
		{85AEB7D2-9D92-4993-A6D6-7FF098C872B1}.Debug|x86.Build.0 = Debug|Win32
		{85AEB7D2-9D92-4993-A6D6-7FF098C872B1}.Debug|x86.Deploy.0 = Debug|Win32
		{85AEB7D2-9D92-4993-A6D6-7FF098C872B1}.MinSizeRel|ARM.ActiveCfg = Release|ARM
		{85AEB7D2-9D92-4993-A6D6-7FF098C872B1}.MinSizeRel|ARM.Build.0 = Release|ARM
		{85AEB7D2-9D92-4993-A6D6-7FF098C872B1}.MinSizeRel|ARM.Deploy.0 = Release|ARM
		{85AEB7D2-9D92-4993-A6D6-7FF098C872B1}.MinSizeRel|Win32.ActiveCfg = Release|Win32
		{85AEB7D2-9D92-4993-A6D6-7FF098C872B1}.MinSizeRel|Win32.Build.0 = Release|Win32
		{85AEB7D2-9D92-4993-A6D6-7FF098C872B1}.MinSizeRel|Win32.Deploy.0 = Release|Win32
		{85AEB7D2-9D92-4993-A6D6-7FF098C872B1}.MinSizeRel|x64.ActiveCfg = Release|x64
		{85AEB7D2-9D92-4993-A6D6-7FF098C872B1}.MinSizeRel|x64.Build.0 = Release|x64
		{85AEB7D2-9D92-4993-A6D6-7FF098C872B1}.MinSizeRel|x64.Deploy.0 = Release|x64
		{85AEB7D2-9D92-4993-A6D6-7FF098C872B1}.MinSizeRel|x86.ActiveCfg = Release|Win32
		{85AEB7D2-9D92-4993-A6D6-7FF098C872B1}.MinSizeRel|x86.Build.0 = Release|Win32
		{85AEB7D2-9D92-4993-A6D6-7FF098C872B1}.MinSizeRel|x86.Deploy.0 = Release|Win32
		{85AEB7D2-9D92-4993-A6D6-7FF098C872B1}.Release|ARM.ActiveCfg = Release|ARM
		{85AEB7D2-9D92-4993-A6D6-7FF098C872B1}.Release|ARM.Build.0 = Release|ARM
		{85AEB7D2-9D92-4993-A6D6-7FF098C872B1}.Release|ARM.Deploy.0 = Release|ARM
		{85AEB7D2-9D92-4993-A6D6-7FF098C872B1}.Release|Win32.ActiveCfg = Release|Win32
		{85AEB7D2-9D92-4993-A6D6-7FF098C872B1}.Release|Win32.Build.0 = Release|Win32
		{85AEB7D2-9D92-4993-A6D6-7FF098C872B1}.Release|Win32.Deploy.0 = Release|Win32
		{85AEB7D2-9D92-4993-A6D6-7FF098C872B1}.Release|x64.ActiveCfg = Release|x64
		{85AEB7D2-9D92-4993-A6D6-7FF098C872B1}.Release|x64.Build.0 = Release|x64
		{85AEB7D2-9D92-4993-A6D6-7FF098C872B1}.Release|x64.Deploy.0 = Release|x64
		{85AEB7D2-9D92-4993-A6D6-7FF098C872B1}.Release|x86.ActiveCfg = Release|Win32
		{85AEB7D2-9D92-4993-A6D6-7FF098C872B1}.Release|x86.Build.0 = Release|Win32
		{85AEB7D2-9D92-4993-A6D6-7FF098C872B1}.Release|x86.Deploy.0 = Release|Win32
		{85AEB7D2-9D92-4993-A6D6-7FF098C872B1}.RelWithDebInfo|ARM.ActiveCfg = Release|ARM
		{85AEB7D2-9D92-4993-A6D6-7FF098C872B1}.RelWithDebInfo|ARM.Build.0 = Release|ARM
		{85AEB7D2-9D92-4993-A6D6-7FF098C872B1}.RelWithDebInfo|ARM.Deploy.0 = Release|ARM
		{85AEB7D2-9D92-4993-A6D6-7FF098C872B1}.RelWithDebInfo|Win32.ActiveCfg = Release|Win32
		{85AEB7D2-9D92-4993-A6D6-7FF098C872B1}.RelWithDebInfo|Win32.Build.0 = Release|Win32
		{85AEB7D2-9D92-4993-A6D6-7FF098C872B1}.RelWithDebInfo|Win32.Deploy.0 = Release|Win32
		{85AEB7D2-9D92-4993-A6D6-7FF098C872B1}.RelWithDebInfo|x64.ActiveCfg = Release|x64
		{85AEB7D2-9D92-4993-A6D6-7FF098C872B1}.RelWithDebInfo|x64.Build.0 = Release|x64
		{85AEB7D2-9D92-4993-A6D6-7FF098C872B1}.RelWithDebInfo|x64.Deploy.0 = Release|x64
		{85AEB7D2-9D92-4993-A6D6-7FF098C872B1}.RelWithDebInfo|x86.ActiveCfg = Release|Win32
		{85AEB7D2-9D92-4993-A6D6-7FF098C872B1}.RelWithDebInfo|x86.Build.0 = Release|Win32
		{85AEB7D2-9D92-4993-A6D6-7FF098C872B1}.RelWithDebInfo|x86.Deploy.0 = Release|Win32
		{F6F21E9D-75CA-4D8E-BCBA-A2D6401CF06A}.Debug|ARM.ActiveCfg = Debug|Win32
		{F6F21E9D-75CA-4D8E-BCBA-A2D6401CF06A}.Debug|Win32.ActiveCfg = Debug|Win32
		{F6F21E9D-75CA-4D8E-BCBA-A2D6401CF06A}.Debug|Win32.Build.0 = Debug|Win32
		{F6F21E9D-75CA-4D8E-BCBA-A2D6401CF06A}.Debug|x64.ActiveCfg = Debug|x64
		{F6F21E9D-75CA-4D8E-BCBA-A2D6401CF06A}.Debug|x64.Build.0 = Debug|x64
		{F6F21E9D-75CA-4D8E-BCBA-A2D6401CF06A}.Debug|x86.ActiveCfg = Debug|Win32
		{F6F21E9D-75CA-4D8E-BCBA-A2D6401CF06A}.Debug|x86.Build.0 = Debug|Win32
		{F6F21E9D-75CA-4D8E-BCBA-A2D6401CF06A}.MinSizeRel|ARM.ActiveCfg = Release|x64
		{F6F21E9D-75CA-4D8E-BCBA-A2D6401CF06A}.MinSizeRel|ARM.Build.0 = Release|x64
		{F6F21E9D-75CA-4D8E-BCBA-A2D6401CF06A}.MinSizeRel|Win32.ActiveCfg = Release|Win32
		{F6F21E9D-75CA-4D8E-BCBA-A2D6401CF06A}.MinSizeRel|Win32.Build.0 = Release|Win32
		{F6F21E9D-75CA-4D8E-BCBA-A2D6401CF06A}.MinSizeRel|x64.ActiveCfg = Release|x64
		{F6F21E9D-75CA-4D8E-BCBA-A2D6401CF06A}.MinSizeRel|x64.Build.0 = Release|x64
		{F6F21E9D-75CA-4D8E-BCBA-A2D6401CF06A}.MinSizeRel|x86.ActiveCfg = Release|Win32
		{F6F21E9D-75CA-4D8E-BCBA-A2D6401CF06A}.MinSizeRel|x86.Build.0 = Release|Win32
		{F6F21E9D-75CA-4D8E-BCBA-A2D6401CF06A}.Release|ARM.ActiveCfg = Release|Win32
		{F6F21E9D-75CA-4D8E-BCBA-A2D6401CF06A}.Release|Win32.ActiveCfg = Release|Win32
		{F6F21E9D-75CA-4D8E-BCBA-A2D6401CF06A}.Release|Win32.Build.0 = Release|Win32
		{F6F21E9D-75CA-4D8E-BCBA-A2D6401CF06A}.Release|x64.ActiveCfg = Release|x64
		{F6F21E9D-75CA-4D8E-BCBA-A2D6401CF06A}.Release|x64.Build.0 = Release|x64
		{F6F21E9D-75CA-4D8E-BCBA-A2D6401CF06A}.Release|x86.ActiveCfg = Release|Win32
		{F6F21E9D-75CA-4D8E-BCBA-A2D6401CF06A}.Release|x86.Build.0 = Release|Win32
		{F6F21E9D-75CA-4D8E-BCBA-A2D6401CF06A}.RelWithDebInfo|ARM.ActiveCfg = Release|x64
		{F6F21E9D-75CA-4D8E-BCBA-A2D6401CF06A}.RelWithDebInfo|ARM.Build.0 = Release|x64
		{F6F21E9D-75CA-4D8E-BCBA-A2D6401CF06A}.RelWithDebInfo|Win32.ActiveCfg = Release|Win32
		{F6F21E9D-75CA-4D8E-BCBA-A2D6401CF06A}.RelWithDebInfo|Win32.Build.0 = Release|Win32
		{F6F21E9D-75CA-4D8E-BCBA-A2D6401CF06A}.RelWithDebInfo|x64.ActiveCfg = Release|x64
		{F6F21E9D-75CA-4D8E-BCBA-A2D6401CF06A}.RelWithDebInfo|x64.Build.0 = Release|x64
		{F6F21E9D-75CA-4D8E-BCBA-A2D6401CF06A}.RelWithDebInfo|x86.ActiveCfg = Release|Win32
		{F6F21E9D-75CA-4D8E-BCBA-A2D6401CF06A}.RelWithDebInfo|x86.Build.0 = Release|Win32
	EndGlobalSection
	GlobalSection(SolutionProperties) = preSolution
		HideSolutionNode = FALSE
	EndGlobalSection
	GlobalSection(NestedProjects) = preSolution
		{C962FD8E-23B1-4A5F-B8C8-269241477D39} = {CFDAA17A-750B-4F9E-89EB-E5BE771CC357}
		{4CC4E22A-4160-4F67-9B4B-C8CFE084E631} = {664E9D43-FDD2-4D54-87BC-42D93FBAA290}
		{1DFAEB7E-D087-40F0-991D-3B7A25271E42} = {664E9D43-FDD2-4D54-87BC-42D93FBAA290}
		{4B3BD013-013B-4019-8C78-DCE7F0C32F38} = {664E9D43-FDD2-4D54-87BC-42D93FBAA290}
		{4A3D7F36-E3E8-4270-9EA2-18013D0CA819} = {CFDAA17A-750B-4F9E-89EB-E5BE771CC357}
		{797903B0-F7B5-482C-9430-8D1ED39C01BF} = {CFDAA17A-750B-4F9E-89EB-E5BE771CC357}
		{FFDB4F09-216B-4777-B9EA-8637AEE3F384} = {CFDAA17A-750B-4F9E-89EB-E5BE771CC357}
		{6A479B19-65F7-400A-B2CE-B4B09D280A83} = {CFDAA17A-750B-4F9E-89EB-E5BE771CC357}
		{85AEB7D2-9D92-4993-A6D6-7FF098C872B1} = {35740E0F-AC6E-4DFA-88D2-0926E8A7B701}
		{F6F21E9D-75CA-4D8E-BCBA-A2D6401CF06A} = {35740E0F-AC6E-4DFA-88D2-0926E8A7B701}
	EndGlobalSection
	GlobalSection(ExtensibilityGlobals) = postSolution
		SolutionGuid = {69AFF3D5-9D23-329C-A4CB-853D6C473944}
	EndGlobalSection
EndGlobal
