<?xml version="1.0" encoding="utf-8"?>
<Project ToolsVersion="4.0" xmlns="http://schemas.microsoft.com/developer/msbuild/2003">
  <ItemGroup>
    <ApplicationDefinition Include="App.xaml" />
  </ItemGroup>
  <ItemGroup>
    <Page Include="MainPage.xaml" />
  </ItemGroup>
  <ItemGroup>
    <Midl Include="App.idl" />
    <Midl Include="MainPage.idl" />
  </ItemGroup>
  <ItemGroup>
    <ClCompile Include="pch.cpp" />
    <ClCompile Include="App.cpp" />
    <ClCompile Include="MainPage.cpp" />
    <ClCompile Include="$(GeneratedFilesDir)module.g.cpp" />
  </ItemGroup>
  <ItemGroup>
    <ClInclude Include="pch.h" />
    <ClInclude Include="App.h" />
    <ClInclude Include="MainPage.h" />
  </ItemGroup>
  <ItemGroup>
    <Image Include="Assets\Wide310x150Logo.scale-200.png">
      <Filter>Assets</Filter>
    </Image>
    <Image Include="Assets\StoreLogo.png">
      <Filter>Assets</Filter>
    </Image>
    <Image Include="Assets\Square150x150Logo.scale-200.png">
      <Filter>Assets</Filter>
    </Image>
    <Image Include="Assets\Square44x44Logo.targetsize-24_altform-unplated.png">
      <Filter>Assets</Filter>
    </Image>
    <Image Include="Assets\Square44x44Logo.scale-200.png">
      <Filter>Assets</Filter>
    </Image>
    <Image Include="Assets\SplashScreen.scale-200.png">
      <Filter>Assets</Filter>
    </Image>
    <Image Include="Assets\LockScreenLogo.scale-200.png">
      <Filter>Assets</Filter>
    </Image>
  </ItemGroup>
  <ItemGroup>
    <AppxManifest Include="Package.appxmanifest" />
  </ItemGroup>
  <ItemGroup>
    <None Include="IpaSimApp_TemporaryKey.pfx" />
    <None Include="packages.config" />
    <None Include="..\..\..\..\build\ipasim-x86-Debug\bin\libIpaSimLibrary.dll" />
    <None Include="..\..\..\..\build\ipasim-x86-Debug\bin\libunicorn.dll" />
    <None Include="gen\**">
      <Filter>bin</Filter>
    </None>
    <None Include="..\..\..\..\build\ipasim-x86-Debug\bin\Frameworks\*.dll">
      <Filter>bin</Filter>
    </None>
    <None Include="..\..\..\deps\WinObjC\deps\prebuilt\Universal Windows\x86\libxml2.dll" />
    <None Include="..\..\..\deps\WinObjC\deps\prebuilt\Universal Windows\x86\icuuc57.dll" />
    <None Include="..\..\..\deps\WinObjC\deps\prebuilt\Universal Windows\x86\icudt57.dll" />
    <None Include="..\..\..\deps\WinObjC\deps\prebuilt\Universal Windows\x86\icuin57.dll" />
    <None Include="..\..\..\..\build\winobjc-x86-Debug\bin\Logging.dll" />
    <None Include="..\..\..\..\build\winobjc-x86-Debug\bin\WOCStdLib.dll" />
    <None Include="..\..\..\..\build\winobjc-x86-Debug\bin\WinObjCRT.dll" />
    <None Include="..\..\..\..\build\ipasim-x86-Debug\bin\libpthread.dll" />
    <None Include="..\..\..\..\build\ipasim-x86-Debug\bin\libobjc.dll" />
    <None Include="..\..\..\..\build\ipasim-x86-Debug\bin\libdyld.dll" />
    <None Include="..\..\..\deps\WinObjC\tools\deps\prebuilt\Universal Windows\x86\libdispatch.dll" />
    <None Include="..\..\..\deps\WinObjC\Frameworks\UIKit.Xaml\prebuilt\UIKit.Xaml.dll" />
    <None Include="..\..\..\deps\WinObjC\Frameworks\Social.Xaml\prebuilt\Social.Xaml.dll" />
    <None Include="..\..\..\deps\WinObjC\Frameworks\CoreFoundation\CharacterSets\**">
      <Filter>bin</Filter>
    </None>
    <None Include="UIKit.Xaml\**">
      <Filter>bin</Filter>
    </None>
    <None Include="Social.Xaml\**">
      <Filter>bin</Filter>
    </None>
  </ItemGroup>
  <ItemGroup>
    <Filter Include="Assets">
      <UniqueIdentifier>{e48dc53e-40b1-40cb-970a-f89935452892}</UniqueIdentifier>
    </Filter>
    <Filter Include="bin">
      <UniqueIdentifier>{690030eb-7fdc-4292-b586-4866e630b9b2}</UniqueIdentifier>
      <Extensions>dll;lib;exp;dylib</Extensions>
    </Filter>
  </ItemGroup>
  <ItemGroup>
    <Text Include="readme.txt" />
  </ItemGroup>
</Project>
