<?xml version="1.0" encoding="utf-8"?>
<Project ToolsVersion="15.0" xmlns="http://schemas.microsoft.com/developer/msbuild/2003">
  <ItemGroup>
    <Filter Include="Common">
      <UniqueIdentifier>c962fd8e-23b1-4a5f-b8c8-269241477d39</UniqueIdentifier>
    </Filter>
    <Filter Include="Assets">
      <UniqueIdentifier>818bcfd6-365f-456d-b041-23e5b9bb2dd1</UniqueIdentifier>
      <Extensions>bmp;fbx;gif;jpg;jpeg;tga;tiff;tif;png</Extensions>
    </Filter>
    <Filter Include="Header Files">
      <UniqueIdentifier>{520d786d-f733-4ef0-9e3c-4bf945bccf31}</UniqueIdentifier>
    </Filter>
    <Filter Include="Source Files">
      <UniqueIdentifier>{524b5cdb-de1c-4c8a-aa17-7a08f5afb148}</UniqueIdentifier>
    </Filter>
    <Filter Include="Libraries">
      <UniqueIdentifier>{98242619-256a-47b7-bef0-64375903a965}</UniqueIdentifier>
      <Extensions>dll</Extensions>
    </Filter>
  </ItemGroup>
  <ItemGroup>
    <ApplicationDefinition Include="App.xaml" />
  </ItemGroup>
  <ItemGroup>
    <ClCompile Include="App.xaml.cpp" />
    <ClCompile Include="MainPage.xaml.cpp" />
    <ClCompile Include="pch.cpp" />
    <ClCompile Include="invokes.mm">
      <Filter>Source Files</Filter>
    </ClCompile>
  </ItemGroup>
  <ItemGroup>
    <ClInclude Include="pch.h" />
    <ClInclude Include="App.xaml.h" />
    <ClInclude Include="MainPage.xaml.h" />
    <ClInclude Include="invokes.h">
      <Filter>Header Files</Filter>
    </ClInclude>
    <ClInclude Include="compat.h">
      <Filter>Header Files</Filter>
    </ClInclude>
  </ItemGroup>
  <ItemGroup>
    <Image Include="Assets\LockScreenLogo.scale-200.png">
      <Filter>Assets</Filter>
    </Image>
    <Image Include="Assets\SplashScreen.scale-200.png">
      <Filter>Assets</Filter>
    </Image>
    <Image Include="Assets\Square150x150Logo.scale-200.png">
      <Filter>Assets</Filter>
    </Image>
    <Image Include="Assets\Square44x44Logo.scale-200.png">
      <Filter>Assets</Filter>
    </Image>
    <Image Include="Assets\Square44x44Logo.targetsize-24_altform-unplated.png">
      <Filter>Assets</Filter>
    </Image>
    <Image Include="Assets\StoreLogo.png">
      <Filter>Assets</Filter>
    </Image>
    <Image Include="Assets\Wide310x150Logo.scale-200.png">
      <Filter>Assets</Filter>
    </Image>
  </ItemGroup>
  <ItemGroup>
    <AppxManifest Include="Package.appxmanifest" />
  </ItemGroup>
  <ItemGroup>
    <None Include="IpaSimulator_TemporaryKey.pfx" />
    <None Include="packages.config" />
    <None Include="..\..\Debug\dyld.dll">
      <Filter>Libraries</Filter>
    </None>
    <None Include="..\..\Debug\pthread\pthread.dll">
      <Filter>Libraries</Filter>
    </None>
    <None Include="..\..\deps\WinObjC\build\Win32\Debug\Universal Windows\*.dll">
      <Filter>Libraries</Filter>
    </None>
    <None Include="..\..\deps\WinObjC\build\Win32\Debug\Universal Windows\*.dll">
      <Filter>Libraries</Filter>
    </None>
    <None Include="..\..\deps\WinObjC\build\Win32\Debug\Universal Windows\*.dll">
      <Filter>Libraries</Filter>
    </None>
    <None Include="..\..\deps\WinObjC\build\Win32\Debug\Universal Windows\*.dll">
      <Filter>Libraries</Filter>
    </None>
    <None Include="..\..\deps\WinObjC\build\Win32\Debug\Universal Windows\*.dll">
      <Filter>Libraries</Filter>
    </None>
    <None Include="..\..\deps\WinObjC\build\Win32\Debug\Universal Windows\*.dll">
      <Filter>Libraries</Filter>
    </None>
    <None Include="..\..\deps\WinObjC\build\Win32\Debug\Universal Windows\*.dll">
      <Filter>Libraries</Filter>
    </None>
    <None Include="..\..\deps\WinObjC\build\Win32\Debug\Universal Windows\*.dll">
      <Filter>Libraries</Filter>
    </None>
    <None Include="..\..\deps\WinObjC\build\Win32\Debug\Universal Windows\*.dll">
      <Filter>Libraries</Filter>
    </None>
    <None Include="..\..\deps\WinObjC\build\Win32\Debug\Universal Windows\*.dll">
      <Filter>Libraries</Filter>
    </None>
    <None Include="..\..\deps\WinObjC\build\Win32\Debug\Universal Windows\*.dll">
      <Filter>Libraries</Filter>
    </None>
    <None Include="..\..\deps\WinObjC\build\Win32\Debug\Universal Windows\*.dll">
      <Filter>Libraries</Filter>
    </None>
    <None Include="..\..\deps\WinObjC\build\Win32\Debug\Universal Windows\*.dll">
      <Filter>Libraries</Filter>
    </None>
    <None Include="..\..\deps\WinObjC\build\Win32\Debug\Universal Windows\*.dll">
      <Filter>Libraries</Filter>
    </None>
    <None Include="..\..\deps\WinObjC\build\Win32\Debug\Universal Windows\*.dll">
      <Filter>Libraries</Filter>
    </None>
    <None Include="..\..\deps\WinObjC\build\Win32\Debug\Universal Windows\*.dll">
      <Filter>Libraries</Filter>
    </None>
    <None Include="..\..\deps\WinObjC\build\Win32\Debug\Universal Windows\*.dll">
      <Filter>Libraries</Filter>
    </None>
    <None Include="..\..\deps\WinObjC\build\Win32\Debug\Universal Windows\*.dll">
      <Filter>Libraries</Filter>
    </None>
    <None Include="..\..\deps\WinObjC\build\Win32\Debug\Universal Windows\*.dll">
      <Filter>Libraries</Filter>
    </None>
    <None Include="..\..\deps\WinObjC\build\Win32\Debug\Universal Windows\*.dll">
      <Filter>Libraries</Filter>
    </None>
    <None Include="..\..\deps\WinObjC\build\Win32\Debug\Universal Windows\*.dll">
      <Filter>Libraries</Filter>
    </None>
    <None Include="..\..\deps\WinObjC\build\Win32\Debug\Universal Windows\*.dll">
      <Filter>Libraries</Filter>
    </None>
    <None Include="..\..\deps\WinObjC\build\Win32\Debug\Universal Windows\*.dll">
      <Filter>Libraries</Filter>
    </None>
    <None Include="..\..\deps\WinObjC\build\Win32\Debug\Universal Windows\*.dll">
      <Filter>Libraries</Filter>
    </None>
    <None Include="..\..\deps\WinObjC\build\Win32\Debug\Universal Windows\*.dll">
      <Filter>Libraries</Filter>
    </None>
    <None Include="..\..\deps\WinObjC\build\Win32\Debug\Universal Windows\*.dll">
      <Filter>Libraries</Filter>
    </None>
    <None Include="..\..\deps\WinObjC\build\Win32\Debug\Universal Windows\*.dll">
      <Filter>Libraries</Filter>
    </None>
    <None Include="..\..\deps\WinObjC\build\Win32\Debug\Universal Windows\*.dll">
      <Filter>Libraries</Filter>
    </None>
    <None Include="..\..\deps\WinObjC\build\Win32\Debug\Universal Windows\*.dll">
      <Filter>Libraries</Filter>
    </None>
    <None Include="..\..\deps\WinObjC\build\Win32\Debug\Universal Windows\*.dll">
      <Filter>Libraries</Filter>
    </None>
    <None Include="..\..\deps\WinObjC\build\Win32\Debug\Universal Windows\*.dll">
      <Filter>Libraries</Filter>
    </None>
    <None Include="..\..\deps\WinObjC\build\Win32\Debug\Universal Windows\*.dll">
      <Filter>Libraries</Filter>
    </None>
    <None Include="..\..\deps\WinObjC\build\Win32\Debug\Universal Windows\*.dll">
      <Filter>Libraries</Filter>
    </None>
    <None Include="..\..\deps\WinObjC\build\Win32\Debug\Universal Windows\*.dll">
      <Filter>Libraries</Filter>
    </None>
    <None Include="..\..\deps\WinObjC\build\Win32\Debug\Universal Windows\*.dll">
      <Filter>Libraries</Filter>
    </None>
    <None Include="..\..\deps\WinObjC\build\Win32\Debug\Universal Windows\*.dll">
      <Filter>Libraries</Filter>
    </None>
    <None Include="..\..\deps\WinObjC\build\Win32\Debug\Universal Windows\*.dll">
      <Filter>Libraries</Filter>
    </None>
    <None Include="..\..\deps\WinObjC\build\Win32\Debug\Universal Windows\*.dll">
      <Filter>Libraries</Filter>
    </None>
    <None Include="..\..\deps\WinObjC\build\Win32\Debug\Universal Windows\*.dll">
      <Filter>Libraries</Filter>
    </None>
    <None Include="..\..\deps\WinObjC\build\Win32\Debug\Universal Windows\*.dll">
      <Filter>Libraries</Filter>
    </None>
    <None Include="..\..\deps\WinObjC\build\Win32\Debug\Universal Windows\*.dll">
      <Filter>Libraries</Filter>
    </None>
    <None Include="..\..\deps\WinObjC\build\Win32\Debug\Universal Windows\*.dll">
      <Filter>Libraries</Filter>
    </None>
    <None Include="..\..\deps\WinObjC\build\Win32\Debug\Universal Windows\*.dll">
      <Filter>Libraries</Filter>
    </None>
    <None Include="..\..\deps\WinObjC\build\Win32\Debug\Universal Windows\*.dll">
      <Filter>Libraries</Filter>
    </None>
    <None Include="..\..\deps\WinObjC\build\Win32\Debug\Universal Windows\*.dll">
      <Filter>Libraries</Filter>
    </None>
    <None Include="..\..\deps\WinObjC\build\Win32\Debug\Universal Windows\*.dll">
      <Filter>Libraries</Filter>
    </None>
    <None Include="..\..\deps\WinObjC\build\Win32\Debug\Universal Windows\*.dll">
      <Filter>Libraries</Filter>
    </None>
    <None Include="..\..\deps\WinObjC\build\Win32\Debug\Universal Windows\*.dll">
      <Filter>Libraries</Filter>
    </None>
    <None Include="..\..\deps\WinObjC\build\Win32\Debug\Universal Windows\*.dll">
      <Filter>Libraries</Filter>
    </None>
    <None Include="..\..\deps\WinObjC\build\Win32\Debug\Universal Windows\*.dll">
      <Filter>Libraries</Filter>
    </None>
    <None Include="..\..\deps\WinObjC\build\Win32\Debug\Universal Windows\*.dll">
      <Filter>Libraries</Filter>
    </None>
    <None Include="..\..\deps\WinObjC\build\Win32\Debug\Universal Windows\*.dll">
      <Filter>Libraries</Filter>
    </None>
    <None Include="..\..\deps\WinObjC\build\Win32\Debug\Universal Windows\*.dll">
      <Filter>Libraries</Filter>
    </None>
    <None Include="..\..\deps\WinObjC\build\Win32\Debug\Universal Windows\*.dll">
      <Filter>Libraries</Filter>
    </None>
    <None Include="..\..\deps\WinObjC\build\Win32\Debug\Universal Windows\*.dll">
      <Filter>Libraries</Filter>
    </None>
    <None Include="..\..\deps\WinObjC\build\Win32\Debug\Universal Windows\*.dll">
      <Filter>Libraries</Filter>
    </None>
    <None Include="..\..\deps\WinObjC\build\Win32\Debug\Universal Windows\*.dll">
      <Filter>Libraries</Filter>
    </None>
    <None Include="..\..\deps\WinObjC\build\Win32\Debug\Universal Windows\*.dll">
      <Filter>Libraries</Filter>
    </None>
    <None Include="..\..\deps\WinObjC\build\Win32\Debug\Universal Windows\*.dll">
      <Filter>Libraries</Filter>
    </None>
    <None Include="..\..\deps\WinObjC\build\Win32\Debug\Universal Windows\*.dll">
      <Filter>Libraries</Filter>
    </None>
    <None Include="..\..\deps\WinObjC\build\Win32\Debug\Universal Windows\*.dll">
      <Filter>Libraries</Filter>
    </None>
    <None Include="..\..\deps\WinObjC\build\Win32\Debug\Universal Windows\*.dll">
      <Filter>Libraries</Filter>
    </None>
    <None Include="..\..\deps\WinObjC\build\Win32\Debug\Universal Windows\*.dll">
      <Filter>Libraries</Filter>
    </None>
    <None Include="..\..\deps\WinObjC\build\Win32\Debug\Universal Windows\*.dll">
      <Filter>Libraries</Filter>
    </None>
    <None Include="..\..\deps\WinObjC\build\Win32\Debug\Universal Windows\*.dll">
      <Filter>Libraries</Filter>
    </None>
    <None Include="..\..\deps\WinObjC\build\Win32\Debug\Universal Windows\*.dll">
      <Filter>Libraries</Filter>
    </None>
    <None Include="..\..\deps\WinObjC\build\Win32\Debug\Universal Windows\*.dll">
      <Filter>Libraries</Filter>
    </None>
    <None Include="..\..\deps\WinObjC\build\Win32\Debug\Universal Windows\*.dll">
      <Filter>Libraries</Filter>
    </None>
    <None Include="..\..\deps\WinObjC\build\Win32\Debug\Universal Windows\*.dll">
      <Filter>Libraries</Filter>
    </None>
    <None Include="..\..\deps\WinObjC\deps\prebuilt\Universal Windows\x86\icudt57.dll">
      <Filter>Libraries</Filter>
    </None>
    <None Include="..\..\deps\WinObjC\deps\prebuilt\Universal Windows\x86\icuin57.dll">
      <Filter>Libraries</Filter>
    </None>
    <None Include="..\..\deps\WinObjC\deps\prebuilt\Universal Windows\x86\icuuc57.dll">
      <Filter>Libraries</Filter>
    </None>
    <None Include="..\..\deps\WinObjC\deps\prebuilt\Universal Windows\x86\libxml2.dll">
      <Filter>Libraries</Filter>
    </None>
    <None Include="..\..\deps\WinObjC\deps\prebuilt\Universal Windows\x86\RTObjCInterop.dll">
      <Filter>Libraries</Filter>
    </None>
    <None Include="..\..\build\bin\LIEF.dll">
      <Filter>Libraries</Filter>
    </None>
  </ItemGroup>
  <ItemGroup>
    <Page Include="MainPage.xaml" />
  </ItemGroup>
</Project>