<?xml version="1.0" encoding="utf-8"?>
<Project ToolsVersion="15.0" xmlns="http://schemas.microsoft.com/developer/msbuild/2003">
  <ItemGroup>
    <Filter Include="Abstract">
      <UniqueIdentifier>{c8f10a67-a609-4b56-a962-b0c0d340c04a}</UniqueIdentifier>
    </Filter>
    <Filter Include="BinaryStream">
      <UniqueIdentifier>{b89b175e-965f-41e1-b01e-95124beb857e}</UniqueIdentifier>
    </Filter>
    <Filter Include="MachO">
      <UniqueIdentifier>{a20495c0-d4cf-45d9-b7a0-5601f2ab75dc}</UniqueIdentifier>
    </Filter>
    <Filter Include="visitors">
      <UniqueIdentifier>{2511ed49-6bd2-4a96-9e21-a2a0ec524e9a}</UniqueIdentifier>
    </Filter>
    <Filter Include="LIEF">
      <UniqueIdentifier>{73fa4103-3e22-490c-afdf-cc89b25e5f6c}</UniqueIdentifier>
    </Filter>
    <Filter Include="LIEF\Abstract">
      <UniqueIdentifier>{a3d95c30-ab79-4dc1-b5cd-8f9c96010c2a}</UniqueIdentifier>
    </Filter>
    <Filter Include="LIEF\BinaryStream">
      <UniqueIdentifier>{e12d4dbc-abe5-4f14-bc81-4489153b4fda}</UniqueIdentifier>
    </Filter>
    <Filter Include="LIEF\filesystem">
      <UniqueIdentifier>{124e30bc-2588-40e5-84c7-4dbe745e7eb6}</UniqueIdentifier>
    </Filter>
    <Filter Include="LIEF\MachO">
      <UniqueIdentifier>{735fbe49-c9d0-49c7-8b1b-5cbd73fd0643}</UniqueIdentifier>
    </Filter>
    <Filter Include="LIEF\utf8">
      <UniqueIdentifier>{98ca75b1-fd45-4b36-a2c5-f56fa723e845}</UniqueIdentifier>
    </Filter>
    <Filter Include="LIEF\visitors">
      <UniqueIdentifier>{2ceae4ed-e93a-4eeb-af75-e0d67cbf7534}</UniqueIdentifier>
    </Filter>
    <Filter Include="LIEF\PE">
      <UniqueIdentifier>{3fb7c3f4-b3ba-4518-acf8-111e2ad631e6}</UniqueIdentifier>
    </Filter>
    <Filter Include="LIEF\PE\signature">
      <UniqueIdentifier>{92875c8e-2685-4c4b-8551-4182caf2ee20}</UniqueIdentifier>
    </Filter>
    <Filter Include="LIEF\PE\resources">
      <UniqueIdentifier>{bbeb9378-315d-4f1d-a9ef-02323e776601}</UniqueIdentifier>
    </Filter>
    <Filter Include="LIEF\PE\LoadConfigurations">
      <UniqueIdentifier>{ad442827-9f39-4d1f-8b97-7ed381804ba0}</UniqueIdentifier>
    </Filter>
    <Filter Include="LIEF\ELF">
      <UniqueIdentifier>{d0b8612d-0ad4-4c5e-937e-224c78ce4ebc}</UniqueIdentifier>
    </Filter>
    <Filter Include="LIEF\ELF\Relocations">
      <UniqueIdentifier>{d4bba4de-fb5e-4e45-a282-d7b727396698}</UniqueIdentifier>
    </Filter>
    <Filter Include="LIEF\ELF\DataHandler">
      <UniqueIdentifier>{62c8a8c8-2961-46fa-a657-b72113f97250}</UniqueIdentifier>
    </Filter>
    <Filter Include="ELF">
      <UniqueIdentifier>{53ce91f5-427b-42e7-8ee3-a1ff9bc61f22}</UniqueIdentifier>
    </Filter>
    <Filter Include="ELF\DataHandler">
      <UniqueIdentifier>{8a68cfa4-5576-4c43-8760-b34e911155e6}</UniqueIdentifier>
    </Filter>
    <Filter Include="PE">
      <UniqueIdentifier>{a0949e84-8918-4936-86e4-e31184236946}</UniqueIdentifier>
    </Filter>
    <Filter Include="PE\utils">
      <UniqueIdentifier>{4098237f-fa80-41e5-9839-921a9503d0a1}</UniqueIdentifier>
    </Filter>
    <Filter Include="PE\utils\ordinals_lookup_tables">
      <UniqueIdentifier>{45253b6f-b7f4-46e6-aa0c-0d7c560a8391}</UniqueIdentifier>
    </Filter>
    <Filter Include="PE\signature">
      <UniqueIdentifier>{47f2b481-6ae1-46aa-9a3d-264646ad4afd}</UniqueIdentifier>
    </Filter>
    <Filter Include="PE\resources">
      <UniqueIdentifier>{341ebe93-5cee-49e7-868a-75c41218a21e}</UniqueIdentifier>
    </Filter>
    <Filter Include="PE\LoadConfigurations">
      <UniqueIdentifier>{edbe3f83-30a8-4f07-84cc-addf5b72239f}</UniqueIdentifier>
    </Filter>
  </ItemGroup>
  <ItemGroup>
    <ClCompile Include="Abstract\Binary.cpp">
      <Filter>Abstract</Filter>
    </ClCompile>
    <ClCompile Include="Abstract\EnumToString.cpp">
      <Filter>Abstract</Filter>
    </ClCompile>
    <ClCompile Include="Abstract\Header.cpp">
      <Filter>Abstract</Filter>
    </ClCompile>
    <ClCompile Include="Abstract\Parser.cpp">
      <Filter>Abstract</Filter>
    </ClCompile>
    <ClCompile Include="Abstract\Relocation.cpp">
      <Filter>Abstract</Filter>
    </ClCompile>
    <ClCompile Include="Abstract\Section.cpp">
      <Filter>Abstract</Filter>
    </ClCompile>
    <ClCompile Include="Abstract\Symbol.cpp">
      <Filter>Abstract</Filter>
    </ClCompile>
    <ClCompile Include="BinaryStream\BinaryStream.cpp">
      <Filter>BinaryStream</Filter>
    </ClCompile>
    <ClCompile Include="BinaryStream\VectorStream.cpp">
      <Filter>BinaryStream</Filter>
    </ClCompile>
    <ClCompile Include="MachO\Binary.cpp">
      <Filter>MachO</Filter>
    </ClCompile>
    <ClCompile Include="MachO\BinaryParser.cpp">
      <Filter>MachO</Filter>
    </ClCompile>
    <ClCompile Include="MachO\BindingInfo.cpp">
      <Filter>MachO</Filter>
    </ClCompile>
    <ClCompile Include="MachO\Builder.cpp">
      <Filter>MachO</Filter>
    </ClCompile>
    <ClCompile Include="MachO\DyldInfo.cpp">
      <Filter>MachO</Filter>
    </ClCompile>
    <ClCompile Include="MachO\DylibCommand.cpp">
      <Filter>MachO</Filter>
    </ClCompile>
    <ClCompile Include="MachO\DylinkerCommand.cpp">
      <Filter>MachO</Filter>
    </ClCompile>
    <ClCompile Include="MachO\DynamicSymbolCommand.cpp">
      <Filter>MachO</Filter>
    </ClCompile>
    <ClCompile Include="MachO\EnumToString.cpp">
      <Filter>MachO</Filter>
    </ClCompile>
    <ClCompile Include="MachO\ExportInfo.cpp">
      <Filter>MachO</Filter>
    </ClCompile>
    <ClCompile Include="MachO\FatBinary.cpp">
      <Filter>MachO</Filter>
    </ClCompile>
    <ClCompile Include="MachO\FunctionStarts.cpp">
      <Filter>MachO</Filter>
    </ClCompile>
    <ClCompile Include="MachO\Header.cpp">
      <Filter>MachO</Filter>
    </ClCompile>
    <ClCompile Include="MachO\LoadCommand.cpp">
      <Filter>MachO</Filter>
    </ClCompile>
    <ClCompile Include="MachO\MainCommand.cpp">
      <Filter>MachO</Filter>
    </ClCompile>
    <ClCompile Include="MachO\Parser.cpp">
      <Filter>MachO</Filter>
    </ClCompile>
    <ClCompile Include="MachO\Relocation.cpp">
      <Filter>MachO</Filter>
    </ClCompile>
    <ClCompile Include="MachO\RelocationDyld.cpp">
      <Filter>MachO</Filter>
    </ClCompile>
    <ClCompile Include="MachO\RelocationObject.cpp">
      <Filter>MachO</Filter>
    </ClCompile>
    <ClCompile Include="MachO\Section.cpp">
      <Filter>MachO</Filter>
    </ClCompile>
    <ClCompile Include="MachO\SegmentCommand.cpp">
      <Filter>MachO</Filter>
    </ClCompile>
    <ClCompile Include="MachO\SourceVersion.cpp">
      <Filter>MachO</Filter>
    </ClCompile>
    <ClCompile Include="MachO\Symbol.cpp">
      <Filter>MachO</Filter>
    </ClCompile>
    <ClCompile Include="MachO\SymbolCommand.cpp">
      <Filter>MachO</Filter>
    </ClCompile>
    <ClCompile Include="MachO\ThreadCommand.cpp">
      <Filter>MachO</Filter>
    </ClCompile>
    <ClCompile Include="MachO\utils.cpp">
      <Filter>MachO</Filter>
    </ClCompile>
    <ClCompile Include="MachO\UUIDCommand.cpp">
      <Filter>MachO</Filter>
    </ClCompile>
    <ClCompile Include="MachO\VersionMin.cpp">
      <Filter>MachO</Filter>
    </ClCompile>
    <ClCompile Include="visitors\hash.cpp">
      <Filter>visitors</Filter>
    </ClCompile>
    <ClCompile Include="exception.cpp" />
    <ClCompile Include="iostream.cpp" />
    <ClCompile Include="logging.cpp" />
    <ClCompile Include="utils.cpp" />
    <ClCompile Include="Visitable.cpp" />
    <ClCompile Include="Visitor.cpp" />
    <ClCompile Include="visitors\elf_json.cpp">
      <Filter>visitors</Filter>
    </ClCompile>
    <ClCompile Include="visitors\json.cpp">
      <Filter>visitors</Filter>
    </ClCompile>
    <ClCompile Include="visitors\pe_json.cpp">
      <Filter>visitors</Filter>
    </ClCompile>
    <ClCompile Include="ELF\Binary.cpp">
      <Filter>ELF</Filter>
    </ClCompile>
    <ClCompile Include="ELF\Builder.cpp">
      <Filter>ELF</Filter>
    </ClCompile>
    <ClCompile Include="ELF\DynamicEntry.cpp">
      <Filter>ELF</Filter>
    </ClCompile>
    <ClCompile Include="ELF\DynamicEntryArray.cpp">
      <Filter>ELF</Filter>
    </ClCompile>
    <ClCompile Include="ELF\DynamicEntryFlags.cpp">
      <Filter>ELF</Filter>
    </ClCompile>
    <ClCompile Include="ELF\DynamicEntryLibrary.cpp">
      <Filter>ELF</Filter>
    </ClCompile>
    <ClCompile Include="ELF\DynamicEntryRpath.cpp">
      <Filter>ELF</Filter>
    </ClCompile>
    <ClCompile Include="ELF\DynamicEntryRunPath.cpp">
      <Filter>ELF</Filter>
    </ClCompile>
    <ClCompile Include="ELF\DynamicSharedObject.cpp">
      <Filter>ELF</Filter>
    </ClCompile>
    <ClCompile Include="ELF\EnumToString.cpp">
      <Filter>ELF</Filter>
    </ClCompile>
    <ClCompile Include="ELF\GnuHash.cpp">
      <Filter>ELF</Filter>
    </ClCompile>
    <ClCompile Include="ELF\Header.cpp">
      <Filter>ELF</Filter>
    </ClCompile>
    <ClCompile Include="ELF\Note.cpp">
      <Filter>ELF</Filter>
    </ClCompile>
    <ClCompile Include="ELF\Parser.cpp">
      <Filter>ELF</Filter>
    </ClCompile>
    <ClCompile Include="ELF\Relocation.cpp">
      <Filter>ELF</Filter>
    </ClCompile>
    <ClCompile Include="ELF\Section.cpp">
      <Filter>ELF</Filter>
    </ClCompile>
    <ClCompile Include="ELF\Segment.cpp">
      <Filter>ELF</Filter>
    </ClCompile>
    <ClCompile Include="ELF\Symbol.cpp">
      <Filter>ELF</Filter>
    </ClCompile>
    <ClCompile Include="ELF\SymbolVersion.cpp">
      <Filter>ELF</Filter>
    </ClCompile>
    <ClCompile Include="ELF\SymbolVersionAux.cpp">
      <Filter>ELF</Filter>
    </ClCompile>
    <ClCompile Include="ELF\SymbolVersionAuxRequirement.cpp">
      <Filter>ELF</Filter>
    </ClCompile>
    <ClCompile Include="ELF\SymbolVersionDefinition.cpp">
      <Filter>ELF</Filter>
    </ClCompile>
    <ClCompile Include="ELF\SymbolVersionRequirement.cpp">
      <Filter>ELF</Filter>
    </ClCompile>
    <ClCompile Include="ELF\SysvHash.cpp">
      <Filter>ELF</Filter>
    </ClCompile>
    <ClCompile Include="ELF\utils.cpp">
      <Filter>ELF</Filter>
    </ClCompile>
    <ClCompile Include="ELF\DataHandler\Handler.cpp">
      <Filter>ELF\DataHandler</Filter>
    </ClCompile>
    <ClCompile Include="ELF\DataHandler\Node.cpp">
      <Filter>ELF\DataHandler</Filter>
    </ClCompile>
    <ClCompile Include="PE\Binary.cpp">
      <Filter>PE</Filter>
    </ClCompile>
    <ClCompile Include="PE\Builder.cpp">
      <Filter>PE</Filter>
    </ClCompile>
    <ClCompile Include="PE\CodeIntegrity.cpp">
      <Filter>PE</Filter>
    </ClCompile>
    <ClCompile Include="PE\DataDirectory.cpp">
      <Filter>PE</Filter>
    </ClCompile>
    <ClCompile Include="PE\Debug.cpp">
      <Filter>PE</Filter>
    </ClCompile>
    <ClCompile Include="PE\DosHeader.cpp">
      <Filter>PE</Filter>
    </ClCompile>
    <ClCompile Include="PE\EnumToString.cpp">
      <Filter>PE</Filter>
    </ClCompile>
    <ClCompile Include="PE\Export.cpp">
      <Filter>PE</Filter>
    </ClCompile>
    <ClCompile Include="PE\ExportEntry.cpp">
      <Filter>PE</Filter>
    </ClCompile>
    <ClCompile Include="PE\Header.cpp">
      <Filter>PE</Filter>
    </ClCompile>
    <ClCompile Include="PE\Import.cpp">
      <Filter>PE</Filter>
    </ClCompile>
    <ClCompile Include="PE\ImportEntry.cpp">
      <Filter>PE</Filter>
    </ClCompile>
    <ClCompile Include="PE\OptionalHeader.cpp">
      <Filter>PE</Filter>
    </ClCompile>
    <ClCompile Include="PE\Parser.cpp">
      <Filter>PE</Filter>
    </ClCompile>
    <ClCompile Include="PE\Relocation.cpp">
      <Filter>PE</Filter>
    </ClCompile>
    <ClCompile Include="PE\RelocationEntry.cpp">
      <Filter>PE</Filter>
    </ClCompile>
    <ClCompile Include="PE\ResourceData.cpp">
      <Filter>PE</Filter>
    </ClCompile>
    <ClCompile Include="PE\ResourceDirectory.cpp">
      <Filter>PE</Filter>
    </ClCompile>
    <ClCompile Include="PE\ResourceNode.cpp">
      <Filter>PE</Filter>
    </ClCompile>
    <ClCompile Include="PE\ResourcesManager.cpp">
      <Filter>PE</Filter>
    </ClCompile>
    <ClCompile Include="PE\RichEntry.cpp">
      <Filter>PE</Filter>
    </ClCompile>
    <ClCompile Include="PE\RichHeader.cpp">
      <Filter>PE</Filter>
    </ClCompile>
    <ClCompile Include="PE\Section.cpp">
      <Filter>PE</Filter>
    </ClCompile>
    <ClCompile Include="PE\Symbol.cpp">
      <Filter>PE</Filter>
    </ClCompile>
    <ClCompile Include="PE\TLS.cpp">
      <Filter>PE</Filter>
    </ClCompile>
    <ClCompile Include="PE\utils.cpp">
      <Filter>PE</Filter>
    </ClCompile>
    <ClCompile Include="PE\Visitor.cpp">
      <Filter>PE</Filter>
    </ClCompile>
    <ClCompile Include="PE\signature\AuthenticatedAttributes.cpp">
      <Filter>PE\signature</Filter>
    </ClCompile>
    <ClCompile Include="PE\signature\ContentInfo.cpp">
      <Filter>PE\signature</Filter>
    </ClCompile>
    <ClCompile Include="PE\signature\OIDToString.cpp">
      <Filter>PE\signature</Filter>
    </ClCompile>
    <ClCompile Include="PE\signature\Signature.cpp">
      <Filter>PE\signature</Filter>
    </ClCompile>
    <ClCompile Include="PE\signature\SignatureParser.cpp">
      <Filter>PE\signature</Filter>
    </ClCompile>
    <ClCompile Include="PE\signature\SignerInfo.cpp">
      <Filter>PE\signature</Filter>
    </ClCompile>
    <ClCompile Include="PE\signature\x509.cpp">
      <Filter>PE\signature</Filter>
    </ClCompile>
    <ClCompile Include="PE\resources\LangCodeItem.cpp">
      <Filter>PE\resources</Filter>
    </ClCompile>
    <ClCompile Include="PE\resources\ResourceDialog.cpp">
      <Filter>PE\resources</Filter>
    </ClCompile>
    <ClCompile Include="PE\resources\ResourceDialogItem.cpp">
      <Filter>PE\resources</Filter>
    </ClCompile>
    <ClCompile Include="PE\resources\ResourceFixedFileInfo.cpp">
      <Filter>PE\resources</Filter>
    </ClCompile>
    <ClCompile Include="PE\resources\ResourceIcon.cpp">
      <Filter>PE\resources</Filter>
    </ClCompile>
    <ClCompile Include="PE\resources\ResourceStringFileInfo.cpp">
      <Filter>PE\resources</Filter>
    </ClCompile>
    <ClCompile Include="PE\resources\ResourceVarFileInfo.cpp">
      <Filter>PE\resources</Filter>
    </ClCompile>
    <ClCompile Include="PE\resources\ResourceVersion.cpp">
      <Filter>PE\resources</Filter>
    </ClCompile>
    <ClCompile Include="PE\LoadConfigurations\LoadConfiguration.cpp">
      <Filter>PE\LoadConfigurations</Filter>
    </ClCompile>
    <ClCompile Include="PE\LoadConfigurations\LoadConfigurationV0.cpp">
      <Filter>PE\LoadConfigurations</Filter>
    </ClCompile>
    <ClCompile Include="PE\LoadConfigurations\LoadConfigurationV1.cpp">
      <Filter>PE\LoadConfigurations</Filter>
    </ClCompile>
    <ClCompile Include="PE\LoadConfigurations\LoadConfigurationV2.cpp">
      <Filter>PE\LoadConfigurations</Filter>
    </ClCompile>
    <ClCompile Include="PE\LoadConfigurations\LoadConfigurationV3.cpp">
      <Filter>PE\LoadConfigurations</Filter>
    </ClCompile>
    <ClCompile Include="PE\LoadConfigurations\LoadConfigurationV4.cpp">
      <Filter>PE\LoadConfigurations</Filter>
    </ClCompile>
    <ClCompile Include="PE\LoadConfigurations\LoadConfigurationV5.cpp">
      <Filter>PE\LoadConfigurations</Filter>
    </ClCompile>
    <ClCompile Include="PE\LoadConfigurations\LoadConfigurationV6.cpp">
      <Filter>PE\LoadConfigurations</Filter>
    </ClCompile>
    <ClCompile Include="PE\LoadConfigurations\LoadConfigurationV7.cpp">
      <Filter>PE\LoadConfigurations</Filter>
    </ClCompile>
    <ClCompile Include="easylogging++.cc" />
  </ItemGroup>
  <ItemGroup>
    <ClInclude Include="LIEF\Abstract\Abstract.hpp">
      <Filter>LIEF\Abstract</Filter>
    </ClInclude>
    <ClInclude Include="LIEF\Abstract\Binary.hpp">
      <Filter>LIEF\Abstract</Filter>
    </ClInclude>
    <ClInclude Include="LIEF\Abstract\enums.hpp">
      <Filter>LIEF\Abstract</Filter>
    </ClInclude>
    <ClInclude Include="LIEF\Abstract\EnumToString.hpp">
      <Filter>LIEF\Abstract</Filter>
    </ClInclude>
    <ClInclude Include="LIEF\Abstract\Header.hpp">
      <Filter>LIEF\Abstract</Filter>
    </ClInclude>
    <ClInclude Include="LIEF\Abstract\Parser.hpp">
      <Filter>LIEF\Abstract</Filter>
    </ClInclude>
    <ClInclude Include="LIEF\Abstract\Relocation.hpp">
      <Filter>LIEF\Abstract</Filter>
    </ClInclude>
    <ClInclude Include="LIEF\Abstract\Section.hpp">
      <Filter>LIEF\Abstract</Filter>
    </ClInclude>
    <ClInclude Include="LIEF\Abstract\Symbol.hpp">
      <Filter>LIEF\Abstract</Filter>
    </ClInclude>
    <ClInclude Include="LIEF\Abstract\type_traits.hpp">
      <Filter>LIEF\Abstract</Filter>
    </ClInclude>
    <ClInclude Include="LIEF\BinaryStream\BinaryStream.hpp">
      <Filter>LIEF\BinaryStream</Filter>
    </ClInclude>
    <ClInclude Include="LIEF\BinaryStream\VectorStream.hpp">
      <Filter>LIEF\BinaryStream</Filter>
    </ClInclude>
    <ClInclude Include="LIEF\filesystem\filesystem.h">
      <Filter>LIEF\filesystem</Filter>
    </ClInclude>
    <ClInclude Include="LIEF\filesystem\fwd.h">
      <Filter>LIEF\filesystem</Filter>
    </ClInclude>
    <ClInclude Include="LIEF\filesystem\path.h">
      <Filter>LIEF\filesystem</Filter>
    </ClInclude>
    <ClInclude Include="LIEF\filesystem\resolver.h">
      <Filter>LIEF\filesystem</Filter>
    </ClInclude>
    <ClInclude Include="LIEF\MachO\Binary.hpp">
      <Filter>LIEF\MachO</Filter>
    </ClInclude>
    <ClInclude Include="LIEF\MachO\BinaryParser.hpp">
      <Filter>LIEF\MachO</Filter>
    </ClInclude>
    <ClInclude Include="LIEF\MachO\BindingInfo.hpp">
      <Filter>LIEF\MachO</Filter>
    </ClInclude>
    <ClInclude Include="LIEF\MachO\Builder.hpp">
      <Filter>LIEF\MachO</Filter>
    </ClInclude>
    <ClInclude Include="LIEF\MachO\DyldInfo.hpp">
      <Filter>LIEF\MachO</Filter>
    </ClInclude>
    <ClInclude Include="LIEF\MachO\DylibCommand.hpp">
      <Filter>LIEF\MachO</Filter>
    </ClInclude>
    <ClInclude Include="LIEF\MachO\DylinkerCommand.hpp">
      <Filter>LIEF\MachO</Filter>
    </ClInclude>
    <ClInclude Include="LIEF\MachO\DynamicSymbolCommand.hpp">
      <Filter>LIEF\MachO</Filter>
    </ClInclude>
    <ClInclude Include="LIEF\MachO\EnumToString.hpp">
      <Filter>LIEF\MachO</Filter>
    </ClInclude>
    <ClInclude Include="LIEF\MachO\ExportInfo.hpp">
      <Filter>LIEF\MachO</Filter>
    </ClInclude>
    <ClInclude Include="LIEF\MachO\FatBinary.hpp">
      <Filter>LIEF\MachO</Filter>
    </ClInclude>
    <ClInclude Include="LIEF\MachO\FunctionStarts.hpp">
      <Filter>LIEF\MachO</Filter>
    </ClInclude>
    <ClInclude Include="LIEF\MachO\Header.hpp">
      <Filter>LIEF\MachO</Filter>
    </ClInclude>
    <ClInclude Include="LIEF\MachO\LoadCommand.hpp">
      <Filter>LIEF\MachO</Filter>
    </ClInclude>
    <ClInclude Include="LIEF\MachO\MainCommand.hpp">
      <Filter>LIEF\MachO</Filter>
    </ClInclude>
    <ClInclude Include="LIEF\MachO\Parser.hpp">
      <Filter>LIEF\MachO</Filter>
    </ClInclude>
    <ClInclude Include="LIEF\MachO\Relocation.hpp">
      <Filter>LIEF\MachO</Filter>
    </ClInclude>
    <ClInclude Include="LIEF\MachO\RelocationDyld.hpp">
      <Filter>LIEF\MachO</Filter>
    </ClInclude>
    <ClInclude Include="LIEF\MachO\RelocationObject.hpp">
      <Filter>LIEF\MachO</Filter>
    </ClInclude>
    <ClInclude Include="LIEF\MachO\Section.hpp">
      <Filter>LIEF\MachO</Filter>
    </ClInclude>
    <ClInclude Include="LIEF\MachO\SegmentCommand.hpp">
      <Filter>LIEF\MachO</Filter>
    </ClInclude>
    <ClInclude Include="LIEF\MachO\SourceVersion.hpp">
      <Filter>LIEF\MachO</Filter>
    </ClInclude>
    <ClInclude Include="LIEF\MachO\Symbol.hpp">
      <Filter>LIEF\MachO</Filter>
    </ClInclude>
    <ClInclude Include="LIEF\MachO\SymbolCommand.hpp">
      <Filter>LIEF\MachO</Filter>
    </ClInclude>
    <ClInclude Include="LIEF\MachO\ThreadCommand.hpp">
      <Filter>LIEF\MachO</Filter>
    </ClInclude>
    <ClInclude Include="LIEF\MachO\type_traits.hpp">
      <Filter>LIEF\MachO</Filter>
    </ClInclude>
    <ClInclude Include="LIEF\MachO\undef.h">
      <Filter>LIEF\MachO</Filter>
    </ClInclude>
    <ClInclude Include="LIEF\MachO\utils.hpp">
      <Filter>LIEF\MachO</Filter>
    </ClInclude>
    <ClInclude Include="LIEF\MachO\UUIDCommand.hpp">
      <Filter>LIEF\MachO</Filter>
    </ClInclude>
    <ClInclude Include="LIEF\MachO\VersionMin.hpp">
      <Filter>LIEF\MachO</Filter>
    </ClInclude>
    <ClInclude Include="LIEF\utf8\checked.h">
      <Filter>LIEF\utf8</Filter>
    </ClInclude>
    <ClInclude Include="LIEF\utf8\core.h">
      <Filter>LIEF\utf8</Filter>
    </ClInclude>
    <ClInclude Include="LIEF\utf8\unchecked.h">
      <Filter>LIEF\utf8</Filter>
    </ClInclude>
    <ClInclude Include="LIEF\visitors\Hash.hpp">
      <Filter>LIEF\visitors</Filter>
    </ClInclude>
    <ClInclude Include="LIEF\Builder.hpp">
      <Filter>LIEF</Filter>
    </ClInclude>
    <ClInclude Include="LIEF\ELF.hpp">
      <Filter>LIEF</Filter>
    </ClInclude>
    <ClInclude Include="LIEF\exception.hpp">
      <Filter>LIEF</Filter>
    </ClInclude>
    <ClInclude Include="LIEF\iostream.hpp">
      <Filter>LIEF</Filter>
    </ClInclude>
    <ClInclude Include="LIEF\iterators.hpp">
      <Filter>LIEF</Filter>
    </ClInclude>
    <ClInclude Include="LIEF\json.hpp">
      <Filter>LIEF</Filter>
    </ClInclude>
    <ClInclude Include="LIEF\LIEF.hpp">
      <Filter>LIEF</Filter>
    </ClInclude>
    <ClInclude Include="LIEF\logging.hpp">
      <Filter>LIEF</Filter>
    </ClInclude>
    <ClInclude Include="LIEF\MachO.hpp">
      <Filter>LIEF</Filter>
    </ClInclude>
    <ClInclude Include="LIEF\PE.hpp">
      <Filter>LIEF</Filter>
    </ClInclude>
    <ClInclude Include="LIEF\to_json.hpp">
      <Filter>LIEF</Filter>
    </ClInclude>
    <ClInclude Include="LIEF\types.hpp">
      <Filter>LIEF</Filter>
    </ClInclude>
    <ClInclude Include="LIEF\utf8.h">
      <Filter>LIEF</Filter>
    </ClInclude>
    <ClInclude Include="LIEF\utils.hpp">
      <Filter>LIEF</Filter>
    </ClInclude>
    <ClInclude Include="LIEF\visibility.h">
      <Filter>LIEF</Filter>
    </ClInclude>
    <ClInclude Include="LIEF\Visitable.hpp">
      <Filter>LIEF</Filter>
    </ClInclude>
    <ClInclude Include="LIEF\Visitor.hpp">
      <Filter>LIEF</Filter>
    </ClInclude>
    <ClInclude Include="LIEF\config.h">
      <Filter>LIEF</Filter>
    </ClInclude>
    <ClInclude Include="LIEF\version.h">
      <Filter>LIEF</Filter>
    </ClInclude>
    <ClInclude Include="LIEF\PE\signature\types.hpp">
      <Filter>LIEF\PE\signature</Filter>
    </ClInclude>
    <ClInclude Include="LIEF\MachO\enums.hpp">
      <Filter>LIEF\MachO</Filter>
    </ClInclude>
    <ClInclude Include="LIEF\MachO\Structures.hpp">
      <Filter>LIEF\MachO</Filter>
    </ClInclude>
    <ClInclude Include="LIEF\visitors\elf_json.hpp">
      <Filter>LIEF\visitors</Filter>
    </ClInclude>
    <ClInclude Include="LIEF\visitors\json.hpp">
      <Filter>LIEF\visitors</Filter>
    </ClInclude>
    <ClInclude Include="LIEF\visitors\pe_json.hpp">
      <Filter>LIEF\visitors</Filter>
    </ClInclude>
    <ClInclude Include="LIEF\PE\AuxiliarySymbol.hpp">
      <Filter>LIEF\PE</Filter>
    </ClInclude>
    <ClInclude Include="LIEF\PE\Binary.hpp">
      <Filter>LIEF\PE</Filter>
    </ClInclude>
    <ClInclude Include="LIEF\PE\Builder.hpp">
      <Filter>LIEF\PE</Filter>
    </ClInclude>
    <ClInclude Include="LIEF\PE\CodeIntegrity.hpp">
      <Filter>LIEF\PE</Filter>
    </ClInclude>
    <ClInclude Include="LIEF\PE\DataDirectory.hpp">
      <Filter>LIEF\PE</Filter>
    </ClInclude>
    <ClInclude Include="LIEF\PE\Debug.hpp">
      <Filter>LIEF\PE</Filter>
    </ClInclude>
    <ClInclude Include="LIEF\PE\DosHeader.hpp">
      <Filter>LIEF\PE</Filter>
    </ClInclude>
    <ClInclude Include="LIEF\PE\enums.hpp">
      <Filter>LIEF\PE</Filter>
    </ClInclude>
    <ClInclude Include="LIEF\PE\EnumToString.hpp">
      <Filter>LIEF\PE</Filter>
    </ClInclude>
    <ClInclude Include="LIEF\PE\Export.hpp">
      <Filter>LIEF\PE</Filter>
    </ClInclude>
    <ClInclude Include="LIEF\PE\ExportEntry.hpp">
      <Filter>LIEF\PE</Filter>
    </ClInclude>
    <ClInclude Include="LIEF\PE\Header.hpp">
      <Filter>LIEF\PE</Filter>
    </ClInclude>
    <ClInclude Include="LIEF\PE\Import.hpp">
      <Filter>LIEF\PE</Filter>
    </ClInclude>
    <ClInclude Include="LIEF\PE\ImportEntry.hpp">
      <Filter>LIEF\PE</Filter>
    </ClInclude>
    <ClInclude Include="LIEF\PE\LoadConfigurations.hpp">
      <Filter>LIEF\PE</Filter>
    </ClInclude>
    <ClInclude Include="LIEF\PE\OptionalHeader.hpp">
      <Filter>LIEF\PE</Filter>
    </ClInclude>
    <ClInclude Include="LIEF\PE\Parser.hpp">
      <Filter>LIEF\PE</Filter>
    </ClInclude>
    <ClInclude Include="LIEF\PE\Relocation.hpp">
      <Filter>LIEF\PE</Filter>
    </ClInclude>
    <ClInclude Include="LIEF\PE\RelocationEntry.hpp">
      <Filter>LIEF\PE</Filter>
    </ClInclude>
    <ClInclude Include="LIEF\PE\ResourceData.hpp">
      <Filter>LIEF\PE</Filter>
    </ClInclude>
    <ClInclude Include="LIEF\PE\ResourceDirectory.hpp">
      <Filter>LIEF\PE</Filter>
    </ClInclude>
    <ClInclude Include="LIEF\PE\ResourceNode.hpp">
      <Filter>LIEF\PE</Filter>
    </ClInclude>
    <ClInclude Include="LIEF\PE\ResourcesManager.hpp">
      <Filter>LIEF\PE</Filter>
    </ClInclude>
    <ClInclude Include="LIEF\PE\RichEntry.hpp">
      <Filter>LIEF\PE</Filter>
    </ClInclude>
    <ClInclude Include="LIEF\PE\RichHeader.hpp">
      <Filter>LIEF\PE</Filter>
    </ClInclude>
    <ClInclude Include="LIEF\PE\Section.hpp">
      <Filter>LIEF\PE</Filter>
    </ClInclude>
    <ClInclude Include="LIEF\PE\Structures.hpp">
      <Filter>LIEF\PE</Filter>
    </ClInclude>
    <ClInclude Include="LIEF\PE\Symbol.hpp">
      <Filter>LIEF\PE</Filter>
    </ClInclude>
    <ClInclude Include="LIEF\PE\TLS.hpp">
      <Filter>LIEF\PE</Filter>
    </ClInclude>
    <ClInclude Include="LIEF\PE\type_traits.hpp">
      <Filter>LIEF\PE</Filter>
    </ClInclude>
    <ClInclude Include="LIEF\PE\undef.h">
      <Filter>LIEF\PE</Filter>
    </ClInclude>
    <ClInclude Include="LIEF\PE\utils.hpp">
      <Filter>LIEF\PE</Filter>
    </ClInclude>
    <ClInclude Include="LIEF\PE\signature\AuthenticatedAttributes.hpp">
      <Filter>LIEF\PE\signature</Filter>
    </ClInclude>
    <ClInclude Include="LIEF\PE\signature\ContentInfo.hpp">
      <Filter>LIEF\PE\signature</Filter>
    </ClInclude>
    <ClInclude Include="LIEF\PE\signature\OIDToString.hpp">
      <Filter>LIEF\PE\signature</Filter>
    </ClInclude>
    <ClInclude Include="LIEF\PE\signature\Signature.hpp">
      <Filter>LIEF\PE\signature</Filter>
    </ClInclude>
    <ClInclude Include="LIEF\PE\signature\SignatureParser.hpp">
      <Filter>LIEF\PE\signature</Filter>
    </ClInclude>
    <ClInclude Include="LIEF\PE\signature\SignerInfo.hpp">
      <Filter>LIEF\PE\signature</Filter>
    </ClInclude>
    <ClInclude Include="LIEF\PE\signature\x509.hpp">
      <Filter>LIEF\PE\signature</Filter>
    </ClInclude>
    <ClInclude Include="LIEF\PE\resources\LangCodeItem.hpp">
      <Filter>LIEF\PE\resources</Filter>
    </ClInclude>
    <ClInclude Include="LIEF\PE\resources\ResourceDialog.hpp">
      <Filter>LIEF\PE\resources</Filter>
    </ClInclude>
    <ClInclude Include="LIEF\PE\resources\ResourceDialogItem.hpp">
      <Filter>LIEF\PE\resources</Filter>
    </ClInclude>
    <ClInclude Include="LIEF\PE\resources\ResourceFixedFileInfo.hpp">
      <Filter>LIEF\PE\resources</Filter>
    </ClInclude>
    <ClInclude Include="LIEF\PE\resources\ResourceIcon.hpp">
      <Filter>LIEF\PE\resources</Filter>
    </ClInclude>
    <ClInclude Include="LIEF\PE\resources\ResourceStringFileInfo.hpp">
      <Filter>LIEF\PE\resources</Filter>
    </ClInclude>
    <ClInclude Include="LIEF\PE\resources\ResourceVarFileInfo.hpp">
      <Filter>LIEF\PE\resources</Filter>
    </ClInclude>
    <ClInclude Include="LIEF\PE\resources\ResourceVersion.hpp">
      <Filter>LIEF\PE\resources</Filter>
    </ClInclude>
    <ClInclude Include="LIEF\PE\LoadConfigurations\LoadConfiguration.hpp">
      <Filter>LIEF\PE\LoadConfigurations</Filter>
    </ClInclude>
    <ClInclude Include="LIEF\PE\LoadConfigurations\LoadConfigurationV0.hpp">
      <Filter>LIEF\PE\LoadConfigurations</Filter>
    </ClInclude>
    <ClInclude Include="LIEF\PE\LoadConfigurations\LoadConfigurationV1.hpp">
      <Filter>LIEF\PE\LoadConfigurations</Filter>
    </ClInclude>
    <ClInclude Include="LIEF\PE\LoadConfigurations\LoadConfigurationV2.hpp">
      <Filter>LIEF\PE\LoadConfigurations</Filter>
    </ClInclude>
    <ClInclude Include="LIEF\PE\LoadConfigurations\LoadConfigurationV3.hpp">
      <Filter>LIEF\PE\LoadConfigurations</Filter>
    </ClInclude>
    <ClInclude Include="LIEF\PE\LoadConfigurations\LoadConfigurationV4.hpp">
      <Filter>LIEF\PE\LoadConfigurations</Filter>
    </ClInclude>
    <ClInclude Include="LIEF\PE\LoadConfigurations\LoadConfigurationV5.hpp">
      <Filter>LIEF\PE\LoadConfigurations</Filter>
    </ClInclude>
    <ClInclude Include="LIEF\PE\LoadConfigurations\LoadConfigurationV6.hpp">
      <Filter>LIEF\PE\LoadConfigurations</Filter>
    </ClInclude>
    <ClInclude Include="LIEF\PE\LoadConfigurations\LoadConfigurationV7.hpp">
      <Filter>LIEF\PE\LoadConfigurations</Filter>
    </ClInclude>
    <ClInclude Include="LIEF\ELF\Binary.hpp">
      <Filter>LIEF\ELF</Filter>
    </ClInclude>
    <ClInclude Include="LIEF\ELF\Builder.hpp">
      <Filter>LIEF\ELF</Filter>
    </ClInclude>
    <ClInclude Include="LIEF\ELF\DynamicEntry.hpp">
      <Filter>LIEF\ELF</Filter>
    </ClInclude>
    <ClInclude Include="LIEF\ELF\DynamicEntryArray.hpp">
      <Filter>LIEF\ELF</Filter>
    </ClInclude>
    <ClInclude Include="LIEF\ELF\DynamicEntryFlags.hpp">
      <Filter>LIEF\ELF</Filter>
    </ClInclude>
    <ClInclude Include="LIEF\ELF\DynamicEntryLibrary.hpp">
      <Filter>LIEF\ELF</Filter>
    </ClInclude>
    <ClInclude Include="LIEF\ELF\DynamicEntryRpath.hpp">
      <Filter>LIEF\ELF</Filter>
    </ClInclude>
    <ClInclude Include="LIEF\ELF\DynamicEntryRunPath.hpp">
      <Filter>LIEF\ELF</Filter>
    </ClInclude>
    <ClInclude Include="LIEF\ELF\DynamicSharedObject.hpp">
      <Filter>LIEF\ELF</Filter>
    </ClInclude>
    <ClInclude Include="LIEF\ELF\enums.hpp">
      <Filter>LIEF\ELF</Filter>
    </ClInclude>
    <ClInclude Include="LIEF\ELF\EnumToString.hpp">
      <Filter>LIEF\ELF</Filter>
    </ClInclude>
    <ClInclude Include="LIEF\ELF\GnuHash.hpp">
      <Filter>LIEF\ELF</Filter>
    </ClInclude>
    <ClInclude Include="LIEF\ELF\Header.hpp">
      <Filter>LIEF\ELF</Filter>
    </ClInclude>
    <ClInclude Include="LIEF\ELF\Note.hpp">
      <Filter>LIEF\ELF</Filter>
    </ClInclude>
    <ClInclude Include="LIEF\ELF\Parser.hpp">
      <Filter>LIEF\ELF</Filter>
    </ClInclude>
    <ClInclude Include="LIEF\ELF\Relocation.hpp">
      <Filter>LIEF\ELF</Filter>
    </ClInclude>
    <ClInclude Include="LIEF\ELF\RelocationSizes.hpp">
      <Filter>LIEF\ELF</Filter>
    </ClInclude>
    <ClInclude Include="LIEF\ELF\Section.hpp">
      <Filter>LIEF\ELF</Filter>
    </ClInclude>
    <ClInclude Include="LIEF\ELF\Segment.hpp">
      <Filter>LIEF\ELF</Filter>
    </ClInclude>
    <ClInclude Include="LIEF\ELF\Structures.hpp">
      <Filter>LIEF\ELF</Filter>
    </ClInclude>
    <ClInclude Include="LIEF\ELF\Symbol.hpp">
      <Filter>LIEF\ELF</Filter>
    </ClInclude>
    <ClInclude Include="LIEF\ELF\SymbolVersion.hpp">
      <Filter>LIEF\ELF</Filter>
    </ClInclude>
    <ClInclude Include="LIEF\ELF\SymbolVersionAux.hpp">
      <Filter>LIEF\ELF</Filter>
    </ClInclude>
    <ClInclude Include="LIEF\ELF\SymbolVersionAuxRequirement.hpp">
      <Filter>LIEF\ELF</Filter>
    </ClInclude>
    <ClInclude Include="LIEF\ELF\SymbolVersionDefinition.hpp">
      <Filter>LIEF\ELF</Filter>
    </ClInclude>
    <ClInclude Include="LIEF\ELF\SymbolVersionRequirement.hpp">
      <Filter>LIEF\ELF</Filter>
    </ClInclude>
    <ClInclude Include="LIEF\ELF\SysvHash.hpp">
      <Filter>LIEF\ELF</Filter>
    </ClInclude>
    <ClInclude Include="LIEF\ELF\type_traits.hpp">
      <Filter>LIEF\ELF</Filter>
    </ClInclude>
    <ClInclude Include="LIEF\ELF\utils.hpp">
      <Filter>LIEF\ELF</Filter>
    </ClInclude>
    <ClInclude Include="LIEF\ELF\DataHandler\Handler.hpp">
      <Filter>LIEF\ELF\DataHandler</Filter>
    </ClInclude>
    <ClInclude Include="LIEF\ELF\DataHandler\Node.hpp">
      <Filter>LIEF\ELF\DataHandler</Filter>
    </ClInclude>
    <ClInclude Include="PE\utils\ordinals_lookup_tables\advapi32_dll_lookup.hpp">
      <Filter>PE\utils\ordinals_lookup_tables</Filter>
    </ClInclude>
    <ClInclude Include="PE\utils\ordinals_lookup_tables\comctl32_dll_lookup.hpp">
      <Filter>PE\utils\ordinals_lookup_tables</Filter>
    </ClInclude>
    <ClInclude Include="PE\utils\ordinals_lookup_tables\gdi32_dll_lookup.hpp">
      <Filter>PE\utils\ordinals_lookup_tables</Filter>
    </ClInclude>
    <ClInclude Include="PE\utils\ordinals_lookup_tables\kernel32_dll_lookup.hpp">
      <Filter>PE\utils\ordinals_lookup_tables</Filter>
    </ClInclude>
    <ClInclude Include="PE\utils\ordinals_lookup_tables\libraries_table.hpp">
      <Filter>PE\utils\ordinals_lookup_tables</Filter>
    </ClInclude>
    <ClInclude Include="PE\utils\ordinals_lookup_tables\mfc42u_dll_lookup.hpp">
      <Filter>PE\utils\ordinals_lookup_tables</Filter>
    </ClInclude>
    <ClInclude Include="PE\utils\ordinals_lookup_tables\msvcp110_dll_lookup.hpp">
      <Filter>PE\utils\ordinals_lookup_tables</Filter>
    </ClInclude>
    <ClInclude Include="PE\utils\ordinals_lookup_tables\msvcp120_dll_lookup.hpp">
      <Filter>PE\utils\ordinals_lookup_tables</Filter>
    </ClInclude>
    <ClInclude Include="PE\utils\ordinals_lookup_tables\msvcr100_dll_lookup.hpp">
      <Filter>PE\utils\ordinals_lookup_tables</Filter>
    </ClInclude>
    <ClInclude Include="PE\utils\ordinals_lookup_tables\msvcr110_dll_lookup.hpp">
      <Filter>PE\utils\ordinals_lookup_tables</Filter>
    </ClInclude>
    <ClInclude Include="PE\utils\ordinals_lookup_tables\msvcr120_dll_lookup.hpp">
      <Filter>PE\utils\ordinals_lookup_tables</Filter>
    </ClInclude>
    <ClInclude Include="PE\utils\ordinals_lookup_tables\msvcrt_dll_lookup.hpp">
      <Filter>PE\utils\ordinals_lookup_tables</Filter>
    </ClInclude>
    <ClInclude Include="PE\utils\ordinals_lookup_tables\ntdll_dll_lookup.hpp">
      <Filter>PE\utils\ordinals_lookup_tables</Filter>
    </ClInclude>
    <ClInclude Include="PE\utils\ordinals_lookup_tables\ole32_dll_lookup.hpp">
      <Filter>PE\utils\ordinals_lookup_tables</Filter>
    </ClInclude>
    <ClInclude Include="PE\utils\ordinals_lookup_tables\oleaut32_dll_lookup.hpp">
      <Filter>PE\utils\ordinals_lookup_tables</Filter>
    </ClInclude>
    <ClInclude Include="PE\utils\ordinals_lookup_tables\shcore_dll_lookup.hpp">
      <Filter>PE\utils\ordinals_lookup_tables</Filter>
    </ClInclude>
    <ClInclude Include="PE\utils\ordinals_lookup_tables\shell32_dll_lookup.hpp">
      <Filter>PE\utils\ordinals_lookup_tables</Filter>
    </ClInclude>
    <ClInclude Include="PE\utils\ordinals_lookup_tables\shlwapi_dll_lookup.hpp">
      <Filter>PE\utils\ordinals_lookup_tables</Filter>
    </ClInclude>
    <ClInclude Include="PE\utils\ordinals_lookup_tables\user32_dll_lookup.hpp">
      <Filter>PE\utils\ordinals_lookup_tables</Filter>
    </ClInclude>
    <ClInclude Include="PE\utils\ordinals_lookup_tables\ws2_32_dll_lookup.hpp">
      <Filter>PE\utils\ordinals_lookup_tables</Filter>
    </ClInclude>
    <ClInclude Include="PE\signature\pkcs7.h">
      <Filter>PE\signature</Filter>
    </ClInclude>
    <ClInclude Include="easylogging++.h" />
  </ItemGroup>
  <ItemGroup>
    <None Include="Abstract\Section.tcc">
      <Filter>Abstract</Filter>
    </None>
    <None Include="MachO\Binary.tcc">
      <Filter>MachO</Filter>
    </None>
    <None Include="MachO\BinaryParser.tcc">
      <Filter>MachO</Filter>
    </None>
    <None Include="MachO\Builder.tcc">
      <Filter>MachO</Filter>
    </None>
    <None Include="LIEF\ELF\Relocations\AArch64.def">
      <Filter>LIEF\ELF\Relocations</Filter>
    </None>
    <None Include="LIEF\ELF\Relocations\ARM.def">
      <Filter>LIEF\ELF\Relocations</Filter>
    </None>
    <None Include="LIEF\ELF\Relocations\Hexagon.def">
      <Filter>LIEF\ELF\Relocations</Filter>
    </None>
    <None Include="LIEF\ELF\Relocations\i386.def">
      <Filter>LIEF\ELF\Relocations</Filter>
    </None>
    <None Include="LIEF\ELF\Relocations\Mips.def">
      <Filter>LIEF\ELF\Relocations</Filter>
    </None>
    <None Include="LIEF\ELF\Relocations\PowerPC.def">
      <Filter>LIEF\ELF\Relocations</Filter>
    </None>
    <None Include="LIEF\ELF\Relocations\PowerPC64.def">
      <Filter>LIEF\ELF\Relocations</Filter>
    </None>
    <None Include="LIEF\ELF\Relocations\Sparc.def">
      <Filter>LIEF\ELF\Relocations</Filter>
    </None>
    <None Include="LIEF\ELF\Relocations\SystemZ.def">
      <Filter>LIEF\ELF\Relocations</Filter>
    </None>
    <None Include="LIEF\ELF\Relocations\x86_64.def">
      <Filter>LIEF\ELF\Relocations</Filter>
    </None>
    <None Include="ELF\Binary.tcc">
      <Filter>ELF</Filter>
    </None>
    <None Include="ELF\Builder.tcc">
      <Filter>ELF</Filter>
    </None>
    <None Include="ELF\Parser.tcc">
      <Filter>ELF</Filter>
    </None>
    <None Include="PE\Builder.tcc">
      <Filter>PE</Filter>
    </None>
    <None Include="PE\Parser.tcc">
      <Filter>PE</Filter>
    </None>
    <None Include="PE\LoadConfigurations\LoadConfiguration.tcc">
      <Filter>PE\LoadConfigurations</Filter>
    </None>
    <None Include="PE\LoadConfigurations\LoadConfigurations.tcc">
      <Filter>PE\LoadConfigurations</Filter>
    </None>
    <None Include="PE\LoadConfigurations\LoadConfigurationV0.tcc">
      <Filter>PE\LoadConfigurations</Filter>
    </None>
    <None Include="PE\LoadConfigurations\LoadConfigurationV1.tcc">
      <Filter>PE\LoadConfigurations</Filter>
    </None>
    <None Include="PE\LoadConfigurations\LoadConfigurationV2.tcc">
      <Filter>PE\LoadConfigurations</Filter>
    </None>
    <None Include="PE\LoadConfigurations\LoadConfigurationV3.tcc">
      <Filter>PE\LoadConfigurations</Filter>
    </None>
    <None Include="PE\LoadConfigurations\LoadConfigurationV4.tcc">
      <Filter>PE\LoadConfigurations</Filter>
    </None>
    <None Include="PE\LoadConfigurations\LoadConfigurationV5.tcc">
      <Filter>PE\LoadConfigurations</Filter>
    </None>
    <None Include="PE\LoadConfigurations\LoadConfigurationV6.tcc">
      <Filter>PE\LoadConfigurations</Filter>
    </None>
    <None Include="PE\LoadConfigurations\LoadConfigurationV7.tcc">
      <Filter>PE\LoadConfigurations</Filter>
    </None>
  </ItemGroup>
</Project>