<?xml version="1.0" encoding="utf-8"?>
<Project ToolsVersion="15.0" xmlns="http://schemas.microsoft.com/developer/msbuild/2003">
  <ItemGroup>
    <Filter Include="Resource Files">
      <UniqueIdentifier>{67DA6AB6-F800-4c08-8B7A-83BB121AAD01}</UniqueIdentifier>
      <Extensions>rc;ico;cur;bmp;dlg;rc2;rct;bin;rgs;gif;jpg;jpeg;jpe;resx;tga;tiff;tif;png;wav;mfcribbon-ms</Extensions>
    </Filter>
    <Filter Include="Header Files">
      <UniqueIdentifier>{c61a0727-20b0-4cae-8cde-68e0635477b3}</UniqueIdentifier>
    </Filter>
    <Filter Include="Source Files">
      <UniqueIdentifier>{04bdf6e2-e119-4ca4-808d-4602b5008ff4}</UniqueIdentifier>
    </Filter>
    <Filter Include="Header Files\mach-o">
      <UniqueIdentifier>{0edc6a6e-96b7-4426-9c72-8fad7cf7f899}</UniqueIdentifier>
    </Filter>
    <Filter Include="Header Files\mach">
      <UniqueIdentifier>{ecae3af2-c240-4f1e-9829-8e4485c39b91}</UniqueIdentifier>
    </Filter>
    <Filter Include="Header Files\mach\machine">
      <UniqueIdentifier>{a2c2e8d9-9a7e-45f1-98db-ee91886bed4f}</UniqueIdentifier>
    </Filter>
    <Filter Include="Header Files\mach\i386">
      <UniqueIdentifier>{28d64c3b-51b4-45ec-8ad7-f6ae98f1ce29}</UniqueIdentifier>
    </Filter>
    <Filter Include="Header Files\i386">
      <UniqueIdentifier>{88909078-7d41-450a-be3b-967846f562e6}</UniqueIdentifier>
    </Filter>
    <Filter Include="Header Files\architecture">
      <UniqueIdentifier>{6118407f-4da6-4d35-a9cc-ab5049c7713e}</UniqueIdentifier>
    </Filter>
    <Filter Include="Header Files\System">
      <UniqueIdentifier>{43b72514-542b-4615-aa4f-37e395852fb5}</UniqueIdentifier>
    </Filter>
    <Filter Include="Header Files\System\machine">
      <UniqueIdentifier>{aec50768-2224-4344-a7e2-1f5522118ec1}</UniqueIdentifier>
    </Filter>
    <Filter Include="Header Files\Libc-825.40.1">
      <UniqueIdentifier>{4e43b284-ea0f-487c-920a-45e3301dc38a}</UniqueIdentifier>
    </Filter>
    <Filter Include="Header Files\Libc-825.40.1\pthreads">
      <UniqueIdentifier>{f84c2136-91c1-476f-8db8-f40ad66acb27}</UniqueIdentifier>
    </Filter>
  </ItemGroup>
  <ItemGroup>
    <ClInclude Include="..\..\deps\objc4\runtime\objc-config.h">
      <Filter>Header Files</Filter>
    </ClInclude>
    <ClInclude Include="TargetConditionals.h">
      <Filter>Header Files</Filter>
    </ClInclude>
    <ClInclude Include="Availability.h">
      <Filter>Header Files</Filter>
    </ClInclude>
    <ClInclude Include="AvailabilityInternal.h">
      <Filter>Header Files</Filter>
    </ClInclude>
    <ClInclude Include="AvailabilityMacros.h">
      <Filter>Header Files</Filter>
    </ClInclude>
    <ClInclude Include="include\mach-o\loader.h">
      <Filter>Header Files\mach-o</Filter>
    </ClInclude>
    <ClInclude Include="include\mach\machine.h">
      <Filter>Header Files\mach</Filter>
    </ClInclude>
    <ClInclude Include="include\mach\vm_types.h">
      <Filter>Header Files\mach</Filter>
    </ClInclude>
    <ClInclude Include="include\mach\machine\vm_types.h">
      <Filter>Header Files\mach\machine</Filter>
    </ClInclude>
    <ClInclude Include="include\mach\i386\vm_types.h">
      <Filter>Header Files\mach\i386</Filter>
    </ClInclude>
    <ClInclude Include="include\i386\_types.h">
      <Filter>Header Files\i386</Filter>
    </ClInclude>
    <ClInclude Include="include\mach\i386\vm_param.h">
      <Filter>Header Files\mach\i386</Filter>
    </ClInclude>
    <ClInclude Include="include\mach\boolean.h">
      <Filter>Header Files\mach</Filter>
    </ClInclude>
    <ClInclude Include="include\mach\machine\boolean.h">
      <Filter>Header Files\mach\machine</Filter>
    </ClInclude>
    <ClInclude Include="include\mach\i386\boolean.h">
      <Filter>Header Files\mach\i386</Filter>
    </ClInclude>
    <ClInclude Include="include\mach\vm_prot.h">
      <Filter>Header Files\mach</Filter>
    </ClInclude>
    <ClInclude Include="include\mach\machine\thread_status.h">
      <Filter>Header Files\mach\machine</Filter>
    </ClInclude>
    <ClInclude Include="include\architecture\byte_order.h">
      <Filter>Header Files\architecture</Filter>
    </ClInclude>
    <ClInclude Include="include\System\pthread_machdep.h">
      <Filter>Header Files\System</Filter>
    </ClInclude>
    <ClInclude Include="include\System\machine\cpu_capabilities.h">
      <Filter>Header Files\System\machine</Filter>
    </ClInclude>
    <ClInclude Include="..\..\deps\apple-headers\Libc-825.40.1\pthreads\pthread_machdep.h">
      <Filter>Header Files\Libc-825.40.1\pthreads</Filter>
    </ClInclude>
  </ItemGroup>
  <ItemGroup>
    <ClangCompile Include="..\..\deps\objc4\runtime\a1a2-blocktramps-arm.s">
      <Filter>Source Files</Filter>
    </ClangCompile>
    <ClangCompile Include="..\..\deps\objc4\runtime\a1a2-blocktramps-arm64.s">
      <Filter>Source Files</Filter>
    </ClangCompile>
    <ClangCompile Include="..\..\deps\objc4\runtime\a1a2-blocktramps-i386.s">
      <Filter>Source Files</Filter>
    </ClangCompile>
    <ClangCompile Include="..\..\deps\objc4\runtime\a1a2-blocktramps-x86_64.s">
      <Filter>Source Files</Filter>
    </ClangCompile>
    <ClangCompile Include="..\..\deps\objc4\runtime\a2a3-blocktramps-arm.s">
      <Filter>Source Files</Filter>
    </ClangCompile>
    <ClangCompile Include="..\..\deps\objc4\runtime\a2a3-blocktramps-i386.s">
      <Filter>Source Files</Filter>
    </ClangCompile>
    <ClangCompile Include="..\..\deps\objc4\runtime\a2a3-blocktramps-x86_64.s">
      <Filter>Source Files</Filter>
    </ClangCompile>
    <ClangCompile Include="..\..\deps\objc4\runtime\NSObject.mm">
      <Filter>Source Files</Filter>
    </ClangCompile>
    <ClangCompile Include="..\..\deps\objc4\runtime\OldClasses.subproj\List.m">
      <Filter>Source Files</Filter>
    </ClangCompile>
    <ClangCompile Include="..\..\deps\objc4\runtime\Messengers.subproj\objc-msg-i386.s">
      <Filter>Source Files</Filter>
    </ClangCompile>
    <ClangCompile Include="..\..\deps\objc4\runtime\hashtable2.mm">
      <Filter>Source Files</Filter>
    </ClangCompile>
    <ClangCompile Include="..\..\deps\objc4\runtime\maptable.mm">
      <Filter>Source Files</Filter>
    </ClangCompile>
    <ClangCompile Include="..\..\deps\objc4\runtime\objc-accessors.mm">
      <Filter>Source Files</Filter>
    </ClangCompile>
    <ClangCompile Include="..\..\deps\objc4\runtime\objc-auto.mm">
      <Filter>Source Files</Filter>
    </ClangCompile>
    <ClangCompile Include="..\..\deps\objc4\runtime\objc-block-trampolines.mm">
      <Filter>Source Files</Filter>
    </ClangCompile>
    <ClangCompile Include="..\..\deps\objc4\runtime\objc-cache.mm">
      <Filter>Source Files</Filter>
    </ClangCompile>
    <ClangCompile Include="..\..\deps\objc4\runtime\objc-cache-old.mm">
      <Filter>Source Files</Filter>
    </ClangCompile>
    <ClangCompile Include="..\..\deps\objc4\runtime\objc-class.mm">
      <Filter>Source Files</Filter>
    </ClangCompile>
    <ClangCompile Include="..\..\deps\objc4\runtime\objc-class-old.mm">
      <Filter>Source Files</Filter>
    </ClangCompile>
    <ClangCompile Include="..\..\deps\objc4\runtime\objc-errors.mm">
      <Filter>Source Files</Filter>
    </ClangCompile>
    <ClangCompile Include="..\..\deps\objc4\runtime\objc-exception.mm">
      <Filter>Source Files</Filter>
    </ClangCompile>
    <ClangCompile Include="..\..\deps\objc4\runtime\objc-file.mm">
      <Filter>Source Files</Filter>
    </ClangCompile>
    <ClangCompile Include="..\..\deps\objc4\runtime\objc-file-old.mm">
      <Filter>Source Files</Filter>
    </ClangCompile>
    <ClangCompile Include="..\..\deps\objc4\runtime\objc-initialize.mm">
      <Filter>Source Files</Filter>
    </ClangCompile>
    <ClangCompile Include="..\..\deps\objc4\runtime\objc-layout.mm">
      <Filter>Source Files</Filter>
    </ClangCompile>
    <ClangCompile Include="..\..\deps\objc4\runtime\objc-load.mm">
      <Filter>Source Files</Filter>
    </ClangCompile>
    <ClangCompile Include="..\..\deps\objc4\runtime\objc-loadmethod.mm">
      <Filter>Source Files</Filter>
    </ClangCompile>
    <ClangCompile Include="..\..\deps\objc4\runtime\objc-lockdebug.mm">
      <Filter>Source Files</Filter>
    </ClangCompile>
    <ClangCompile Include="..\..\deps\objc4\runtime\objc-opt.mm">
      <Filter>Source Files</Filter>
    </ClangCompile>
    <ClangCompile Include="..\..\deps\objc4\runtime\objc-os.mm">
      <Filter>Source Files</Filter>
    </ClangCompile>
    <ClangCompile Include="..\..\deps\objc4\runtime\objc-probes.d">
      <Filter>Source Files</Filter>
    </ClangCompile>
    <ClangCompile Include="..\..\deps\objc4\runtime\objc-references.mm">
      <Filter>Source Files</Filter>
    </ClangCompile>
    <ClangCompile Include="..\..\deps\objc4\runtime\objc-runtime.mm">
      <Filter>Source Files</Filter>
    </ClangCompile>
    <ClangCompile Include="..\..\deps\objc4\runtime\objc-runtime-new.mm">
      <Filter>Source Files</Filter>
    </ClangCompile>
    <ClangCompile Include="..\..\deps\objc4\runtime\objc-runtime-old.mm">
      <Filter>Source Files</Filter>
    </ClangCompile>
    <ClangCompile Include="..\..\deps\objc4\runtime\objc-sel.mm">
      <Filter>Source Files</Filter>
    </ClangCompile>
    <ClangCompile Include="..\..\deps\objc4\runtime\objc-sel-old.mm">
      <Filter>Source Files</Filter>
    </ClangCompile>
    <ClangCompile Include="..\..\deps\objc4\runtime\objc-sel-set.mm">
      <Filter>Source Files</Filter>
    </ClangCompile>
    <ClangCompile Include="..\..\deps\objc4\runtime\objc-sel-table.s">
      <Filter>Source Files</Filter>
    </ClangCompile>
    <ClangCompile Include="..\..\deps\objc4\runtime\objc-sync.mm">
      <Filter>Source Files</Filter>
    </ClangCompile>
    <ClangCompile Include="..\..\deps\objc4\runtime\objc-typeencoding.mm">
      <Filter>Source Files</Filter>
    </ClangCompile>
    <ClangCompile Include="..\..\deps\objc4\runtime\objc-weak.mm">
      <Filter>Source Files</Filter>
    </ClangCompile>
    <ClangCompile Include="..\..\deps\objc4\runtime\Object.mm">
      <Filter>Source Files</Filter>
    </ClangCompile>
    <ClangCompile Include="..\..\deps\objc4\runtime\Protocol.mm">
      <Filter>Source Files</Filter>
    </ClangCompile>
    <ClangCompile Include="..\..\deps\objc4\runtime\Messengers.subproj\objc-msg-arm.s">
      <Filter>Source Files</Filter>
    </ClangCompile>
    <ClangCompile Include="..\..\deps\objc4\runtime\Messengers.subproj\objc-msg-arm64.s">
      <Filter>Source Files</Filter>
    </ClangCompile>
    <ClangCompile Include="..\..\deps\objc4\runtime\Messengers.subproj\objc-msg-simulator-i386.s">
      <Filter>Source Files</Filter>
    </ClangCompile>
    <ClangCompile Include="..\..\deps\objc4\runtime\Messengers.subproj\objc-msg-simulator-x86_64.s">
      <Filter>Source Files</Filter>
    </ClangCompile>
    <ClangCompile Include="..\..\deps\objc4\runtime\Messengers.subproj\objc-msg-x86_64.s">
      <Filter>Source Files</Filter>
    </ClangCompile>
    <ClangCompile Include="dllmain.cpp" />
  </ItemGroup>
</Project>