<?xml version="1.0" encoding="utf-8"?>
<Project ToolsVersion="15.0" xmlns="http://schemas.microsoft.com/developer/msbuild/2003">
  <ItemGroup>
    <Filter Include="Resource Files">
      <UniqueIdentifier>{67DA6AB6-F800-4c08-8B7A-83BB121AAD01}</UniqueIdentifier>
      <Extensions>rc;ico;cur;bmp;dlg;rc2;rct;bin;rgs;gif;jpg;jpeg;jpe;resx;tga;tiff;tif;png;wav;mfcribbon-ms</Extensions>
    </Filter>
    <Filter Include="Header Files">
      <UniqueIdentifier>{c61a0727-20b0-4cae-8cde-68e0635477b3}</UniqueIdentifier>
    </Filter>
    <Filter Include="Source Files">
      <UniqueIdentifier>{04bdf6e2-e119-4ca4-808d-4602b5008ff4}</UniqueIdentifier>
    </Filter>
  </ItemGroup>
  <ItemGroup>
    <ClCompile Include="dllmain.cpp" />
    <ClCompile Include="..\..\deps\objc4\runtime\OldClasses.subproj\List.m">
      <Filter>Source Files</Filter>
    </ClCompile>
    <ClCompile Include="..\..\deps\objc4\runtime\a2a3-blocktramps-arm.s">
      <Filter>Source Files</Filter>
    </ClCompile>
    <ClCompile Include="..\..\deps\objc4\runtime\a2a3-blocktramps-i386.s">
      <Filter>Source Files</Filter>
    </ClCompile>
    <ClCompile Include="..\..\deps\objc4\runtime\a2a3-blocktramps-x86_64.s">
      <Filter>Source Files</Filter>
    </ClCompile>
    <ClCompile Include="..\..\deps\objc4\runtime\Messengers.subproj\objc-msg-i386.s">
      <Filter>Source Files</Filter>
    </ClCompile>
    <ClCompile Include="..\..\deps\objc4\runtime\a1a2-blocktramps-arm.s">
      <Filter>Source Files</Filter>
    </ClCompile>
    <ClCompile Include="..\..\deps\objc4\runtime\a1a2-blocktramps-arm64.s">
      <Filter>Source Files</Filter>
    </ClCompile>
    <ClCompile Include="..\..\deps\objc4\runtime\a1a2-blocktramps-i386.s">
      <Filter>Source Files</Filter>
    </ClCompile>
    <ClCompile Include="..\..\deps\objc4\runtime\a1a2-blocktramps-x86_64.s">
      <Filter>Source Files</Filter>
    </ClCompile>
    <ClCompile Include="..\..\deps\objc4\runtime\hashtable2.mm">
      <Filter>Source Files</Filter>
    </ClCompile>
    <ClCompile Include="..\..\deps\objc4\runtime\maptable.mm">
      <Filter>Source Files</Filter>
    </ClCompile>
    <ClCompile Include="..\..\deps\objc4\runtime\NSObject.mm">
      <Filter>Source Files</Filter>
    </ClCompile>
    <ClCompile Include="..\..\deps\objc4\runtime\objc-accessors.mm">
      <Filter>Source Files</Filter>
    </ClCompile>
    <ClCompile Include="..\..\deps\objc4\runtime\objc-auto.mm">
      <Filter>Source Files</Filter>
    </ClCompile>
    <ClCompile Include="..\..\deps\objc4\runtime\objc-block-trampolines.mm">
      <Filter>Source Files</Filter>
    </ClCompile>
    <ClCompile Include="..\..\deps\objc4\runtime\objc-cache.mm">
      <Filter>Source Files</Filter>
    </ClCompile>
    <ClCompile Include="..\..\deps\objc4\runtime\objc-cache-old.mm">
      <Filter>Source Files</Filter>
    </ClCompile>
    <ClCompile Include="..\..\deps\objc4\runtime\objc-class.mm">
      <Filter>Source Files</Filter>
    </ClCompile>
    <ClCompile Include="..\..\deps\objc4\runtime\objc-class-old.mm">
      <Filter>Source Files</Filter>
    </ClCompile>
    <ClCompile Include="..\..\deps\objc4\runtime\objc-errors.mm">
      <Filter>Source Files</Filter>
    </ClCompile>
    <ClCompile Include="..\..\deps\objc4\runtime\objc-exception.mm">
      <Filter>Source Files</Filter>
    </ClCompile>
    <ClCompile Include="..\..\deps\objc4\runtime\objc-file.mm">
      <Filter>Source Files</Filter>
    </ClCompile>
    <ClCompile Include="..\..\deps\objc4\runtime\objc-file-old.mm">
      <Filter>Source Files</Filter>
    </ClCompile>
    <ClCompile Include="..\..\deps\objc4\runtime\objc-initialize.mm">
      <Filter>Source Files</Filter>
    </ClCompile>
    <ClCompile Include="..\..\deps\objc4\runtime\objc-layout.mm">
      <Filter>Source Files</Filter>
    </ClCompile>
    <ClCompile Include="..\..\deps\objc4\runtime\objc-load.mm">
      <Filter>Source Files</Filter>
    </ClCompile>
    <ClCompile Include="..\..\deps\objc4\runtime\objc-loadmethod.mm">
      <Filter>Source Files</Filter>
    </ClCompile>
    <ClCompile Include="..\..\deps\objc4\runtime\objc-lockdebug.mm">
      <Filter>Source Files</Filter>
    </ClCompile>
    <ClCompile Include="..\..\deps\objc4\runtime\objc-opt.mm">
      <Filter>Source Files</Filter>
    </ClCompile>
    <ClCompile Include="..\..\deps\objc4\runtime\objc-os.mm">
      <Filter>Source Files</Filter>
    </ClCompile>
    <ClCompile Include="..\..\deps\objc4\runtime\objc-probes.d">
      <Filter>Source Files</Filter>
    </ClCompile>
    <ClCompile Include="..\..\deps\objc4\runtime\objc-references.mm">
      <Filter>Source Files</Filter>
    </ClCompile>
    <ClCompile Include="..\..\deps\objc4\runtime\objc-runtime.mm">
      <Filter>Source Files</Filter>
    </ClCompile>
    <ClCompile Include="..\..\deps\objc4\runtime\objc-runtime-new.mm">
      <Filter>Source Files</Filter>
    </ClCompile>
    <ClCompile Include="..\..\deps\objc4\runtime\objc-runtime-old.mm">
      <Filter>Source Files</Filter>
    </ClCompile>
    <ClCompile Include="..\..\deps\objc4\runtime\objc-sel.mm">
      <Filter>Source Files</Filter>
    </ClCompile>
    <ClCompile Include="..\..\deps\objc4\runtime\objc-sel-old.mm">
      <Filter>Source Files</Filter>
    </ClCompile>
    <ClCompile Include="..\..\deps\objc4\runtime\objc-sel-set.mm">
      <Filter>Source Files</Filter>
    </ClCompile>
    <ClCompile Include="..\..\deps\objc4\runtime\objc-sel-table.s">
      <Filter>Source Files</Filter>
    </ClCompile>
    <ClCompile Include="..\..\deps\objc4\runtime\objc-sync.mm">
      <Filter>Source Files</Filter>
    </ClCompile>
    <ClCompile Include="..\..\deps\objc4\runtime\objc-typeencoding.mm">
      <Filter>Source Files</Filter>
    </ClCompile>
    <ClCompile Include="..\..\deps\objc4\runtime\objc-weak.mm">
      <Filter>Source Files</Filter>
    </ClCompile>
    <ClCompile Include="..\..\deps\objc4\runtime\Object.mm">
      <Filter>Source Files</Filter>
    </ClCompile>
    <ClCompile Include="..\..\deps\objc4\runtime\Protocol.mm">
      <Filter>Source Files</Filter>
    </ClCompile>
    <ClCompile Include="..\..\deps\objc4\runtime\Messengers.subproj\objc-msg-arm.s">
      <Filter>Source Files</Filter>
    </ClCompile>
    <ClCompile Include="..\..\deps\objc4\runtime\Messengers.subproj\objc-msg-arm64.s">
      <Filter>Source Files</Filter>
    </ClCompile>
    <ClCompile Include="..\..\deps\objc4\runtime\Messengers.subproj\objc-msg-simulator-i386.s">
      <Filter>Source Files</Filter>
    </ClCompile>
    <ClCompile Include="..\..\deps\objc4\runtime\Messengers.subproj\objc-msg-simulator-x86_64.s">
      <Filter>Source Files</Filter>
    </ClCompile>
    <ClCompile Include="..\..\deps\objc4\runtime\Messengers.subproj\objc-msg-x86_64.s">
      <Filter>Source Files</Filter>
    </ClCompile>
  </ItemGroup>
  <ItemGroup>
    <ClInclude Include="..\..\deps\objc4\runtime\objc-config.h">
      <Filter>Header Files</Filter>
    </ClInclude>
  </ItemGroup>
</Project>